// !$*UTF8*$!
{
	archiveVersion = 1;
	classes = {
	};
	objectVersion = 50;
	objects = {

/* Begin PBXBuildFile section */
		D236BA5428A69A9F00AC4F09 /* Assets.xcassets in Resources */ = {isa = PBXBuildFile; fileRef = D236BA5328A69A9F00AC4F09 /* Assets.xcassets */; };
		D236BA5728A69A9F00AC4F09 /* main.m in Sources */ = {isa = PBXBuildFile; fileRef = D236BA5628A69A9F00AC4F09 /* main.m */; };
		D236BBDF28A6A5FF00AC4F09 /* default.ttf in Resources */ = {isa = PBXBuildFile; fileRef = D236BA6028A6A5FD00AC4F09 /* default.ttf */; };
		D236BC0D28A6A5FF00AC4F09 /* Types.inl in Resources */ = {isa = PBXBuildFile; fileRef = D236BAD728A6A5FE00AC4F09 /* Types.inl */; };
		D236BC0E28A6A5FF00AC4F09 /* tmx_loader.cpp in Sources */ = {isa = PBXBuildFile; fileRef = D236BADC28A6A5FE00AC4F09 /* tmx_loader.cpp */; };
		D236BC0F28A6A5FF00AC4F09 /* imgui_widgets.cpp in Sources */ = {isa = PBXBuildFile; fileRef = D236BAE128A6A5FE00AC4F09 /* imgui_widgets.cpp */; };
		D236BC1028A6A5FF00AC4F09 /* imgui.cpp in Sources */ = {isa = PBXBuildFile; fileRef = D236BAE528A6A5FE00AC4F09 /* imgui.cpp */; };
		D236BC1128A6A5FF00AC4F09 /* imgui_impl_opengl3.cpp in Sources */ = {isa = PBXBuildFile; fileRef = D236BAE728A6A5FE00AC4F09 /* imgui_impl_opengl3.cpp */; };
		D236BC1228A6A5FF00AC4F09 /* imgui_tables.cpp in Sources */ = {isa = PBXBuildFile; fileRef = D236BAE928A6A5FE00AC4F09 /* imgui_tables.cpp */; };
		D236BC1328A6A5FF00AC4F09 /* imgui_demo.cpp in Sources */ = {isa = PBXBuildFile; fileRef = D236BAEA28A6A5FE00AC4F09 /* imgui_demo.cpp */; };
		D236BC1428A6A5FF00AC4F09 /* imgui_draw.cpp in Sources */ = {isa = PBXBuildFile; fileRef = D236BAEB28A6A5FE00AC4F09 /* imgui_draw.cpp */; };
		D236BC1528A6A5FF00AC4F09 /* game_platformer.cpp in Sources */ = {isa = PBXBuildFile; fileRef = D236BAEF28A6A5FE00AC4F09 /* game_platformer.cpp */; };
		D236BC1628A6A5FF00AC4F09 /* game_wolfenstein3d.cpp in Sources */ = {isa = PBXBuildFile; fileRef = D236BAF028A6A5FE00AC4F09 /* game_wolfenstein3d.cpp */; };
		D236BC1728A6A5FF00AC4F09 /* player.cpp in Sources */ = {isa = PBXBuildFile; fileRef = D236BAF428A6A5FE00AC4F09 /* player.cpp */; };
		D236BC1828A6A5FF00AC4F09 /* wolf_player.cpp in Sources */ = {isa = PBXBuildFile; fileRef = D236BAF728A6A5FE00AC4F09 /* wolf_player.cpp */; };
		D236BC1928A6A5FF00AC4F09 /* level.cpp in Sources */ = {isa = PBXBuildFile; fileRef = D236BAF828A6A5FE00AC4F09 /* level.cpp */; };
		D236BC1A28A6A5FF00AC4F09 /* door.cpp in Sources */ = {isa = PBXBuildFile; fileRef = D236BAF928A6A5FE00AC4F09 /* door.cpp */; };
		D236BC1B28A6A5FF00AC4F09 /* tmx_hash.c in Sources */ = {isa = PBXBuildFile; fileRef = D236BAFD28A6A5FE00AC4F09 /* tmx_hash.c */; };
		D236BC1C28A6A5FF00AC4F09 /* tmx.c in Sources */ = {isa = PBXBuildFile; fileRef = D236BAFE28A6A5FE00AC4F09 /* tmx.c */; };
		D236BC1D28A6A5FF00AC4F09 /* tmx_utils.c in Sources */ = {isa = PBXBuildFile; fileRef = D236BAFF28A6A5FE00AC4F09 /* tmx_utils.c */; };
		D236BC1E28A6A5FF00AC4F09 /* tmx_err.c in Sources */ = {isa = PBXBuildFile; fileRef = D236BB0028A6A5FE00AC4F09 /* tmx_err.c */; };
		D236BC1F28A6A5FF00AC4F09 /* tmx_mem.c in Sources */ = {isa = PBXBuildFile; fileRef = D236BB0128A6A5FE00AC4F09 /* tmx_mem.c */; };
		D236BC2028A6A5FF00AC4F09 /* tmx_xml.c in Sources */ = {isa = PBXBuildFile; fileRef = D236BB0428A6A5FE00AC4F09 /* tmx_xml.c */; };
		D236BC2128A6A5FF00AC4F09 /* CDOpenALSupport.m in Sources */ = {isa = PBXBuildFile; fileRef = D236BB0B28A6A5FE00AC4F09 /* CDOpenALSupport.m */; };
		D236BC2228A6A5FF00AC4F09 /* CDAudioManager.m in Sources */ = {isa = PBXBuildFile; fileRef = D236BB0C28A6A5FE00AC4F09 /* CDAudioManager.m */; };
		D236BC2328A6A5FF00AC4F09 /* CocosDenshion.m in Sources */ = {isa = PBXBuildFile; fileRef = D236BB0E28A6A5FE00AC4F09 /* CocosDenshion.m */; };
		D236BC2428A6A5FF00AC4F09 /* SimpleAudioEngine_objc.m in Sources */ = {isa = PBXBuildFile; fileRef = D236BB1228A6A5FE00AC4F09 /* SimpleAudioEngine_objc.m */; };
		D236BC2528A6A5FF00AC4F09 /* SimpleAudioEngine.mm in Sources */ = {isa = PBXBuildFile; fileRef = D236BB1328A6A5FE00AC4F09 /* SimpleAudioEngine.mm */; };
		D236BC2628A6A5FF00AC4F09 /* post_processing.fs in Resources */ = {isa = PBXBuildFile; fileRef = D236BB1528A6A5FE00AC4F09 /* post_processing.fs */; };
		D236BC2728A6A5FF00AC4F09 /* mulight.vs in Resources */ = {isa = PBXBuildFile; fileRef = D236BB1628A6A5FE00AC4F09 /* mulight.vs */; };
		D236BC2828A6A5FF00AC4F09 /* b2lines.vs in Resources */ = {isa = PBXBuildFile; fileRef = D236BB1728A6A5FE00AC4F09 /* b2lines.vs */; };
		D236BC2928A6A5FF00AC4F09 /* text_2d.vs in Resources */ = {isa = PBXBuildFile; fileRef = D236BB1828A6A5FE00AC4F09 /* text_2d.vs */; };
		D236BC2A28A6A5FF00AC4F09 /* b2points.fs in Resources */ = {isa = PBXBuildFile; fileRef = D236BB1928A6A5FE00AC4F09 /* b2points.fs */; };
		D236BC2B28A6A5FF00AC4F09 /* simple.frag in Resources */ = {isa = PBXBuildFile; fileRef = D236BB1A28A6A5FE00AC4F09 /* simple.frag */; };
		D236BC2C28A6A5FF00AC4F09 /* color.vs in Resources */ = {isa = PBXBuildFile; fileRef = D236BB1B28A6A5FE00AC4F09 /* color.vs */; };
		D236BC2D28A6A5FF00AC4F09 /* tilebatch.vs in Resources */ = {isa = PBXBuildFile; fileRef = D236BB1C28A6A5FE00AC4F09 /* tilebatch.vs */; };
		D236BC2E28A6A5FF00AC4F09 /* sprite.fs in Resources */ = {isa = PBXBuildFile; fileRef = D236BB1D28A6A5FE00AC4F09 /* sprite.fs */; };
		D236BC2F28A6A5FF00AC4F09 /* ui.vs in Resources */ = {isa = PBXBuildFile; fileRef = D236BB1E28A6A5FE00AC4F09 /* ui.vs */; };
		D236BC3028A6A5FF00AC4F09 /* depth.fs in Resources */ = {isa = PBXBuildFile; fileRef = D236BB1F28A6A5FE00AC4F09 /* depth.fs */; };
		D236BC3128A6A5FF00AC4F09 /* mesh.vs in Resources */ = {isa = PBXBuildFile; fileRef = D236BB2028A6A5FE00AC4F09 /* mesh.vs */; };
		D236BC3228A6A5FF00AC4F09 /* cube.fs in Resources */ = {isa = PBXBuildFile; fileRef = D236BB2128A6A5FE00AC4F09 /* cube.fs */; };
		D236BC3328A6A5FF00AC4F09 /* particle.fs in Resources */ = {isa = PBXBuildFile; fileRef = D236BB2228A6A5FE00AC4F09 /* particle.fs */; };
		D236BC3428A6A5FF00AC4F09 /* ui.fs in Resources */ = {isa = PBXBuildFile; fileRef = D236BB2328A6A5FE00AC4F09 /* ui.fs */; };
		D236BC3528A6A5FF00AC4F09 /* simple.vert in Resources */ = {isa = PBXBuildFile; fileRef = D236BB2428A6A5FE00AC4F09 /* simple.vert */; };
		D236BC3628A6A5FF00AC4F09 /* sprite.vs in Resources */ = {isa = PBXBuildFile; fileRef = D236BB2528A6A5FE00AC4F09 /* sprite.vs */; };
		D236BC3728A6A5FF00AC4F09 /* depth.vs in Resources */ = {isa = PBXBuildFile; fileRef = D236BB2628A6A5FE00AC4F09 /* depth.vs */; };
		D236BC3828A6A5FF00AC4F09 /* mesh.fs in Resources */ = {isa = PBXBuildFile; fileRef = D236BB2728A6A5FE00AC4F09 /* mesh.fs */; };
		D236BC3928A6A5FF00AC4F09 /* cube.vs in Resources */ = {isa = PBXBuildFile; fileRef = D236BB2828A6A5FE00AC4F09 /* cube.vs */; };
		D236BC3A28A6A5FF00AC4F09 /* particle.vs in Resources */ = {isa = PBXBuildFile; fileRef = D236BB2928A6A5FE00AC4F09 /* particle.vs */; };
		D236BC3B28A6A5FF00AC4F09 /* b2lines.fs in Resources */ = {isa = PBXBuildFile; fileRef = D236BB2A28A6A5FE00AC4F09 /* b2lines.fs */; };
		D236BC3C28A6A5FF00AC4F09 /* mulight.fs in Resources */ = {isa = PBXBuildFile; fileRef = D236BB2B28A6A5FE00AC4F09 /* mulight.fs */; };
		D236BC3D28A6A5FF00AC4F09 /* post_processing.vs in Resources */ = {isa = PBXBuildFile; fileRef = D236BB2C28A6A5FE00AC4F09 /* post_processing.vs */; };
		D236BC3E28A6A5FF00AC4F09 /* color.fs in Resources */ = {isa = PBXBuildFile; fileRef = D236BB2D28A6A5FE00AC4F09 /* color.fs */; };
		D236BC3F28A6A5FF00AC4F09 /* tilebatch.fs in Resources */ = {isa = PBXBuildFile; fileRef = D236BB2E28A6A5FE00AC4F09 /* tilebatch.fs */; };
		D236BC4028A6A5FF00AC4F09 /* b2points.vs in Resources */ = {isa = PBXBuildFile; fileRef = D236BB2F28A6A5FE00AC4F09 /* b2points.vs */; };
		D236BC4128A6A5FF00AC4F09 /* text_2d.fs in Resources */ = {isa = PBXBuildFile; fileRef = D236BB3028A6A5FE00AC4F09 /* text_2d.fs */; };
		D236BC4228A6A5FF00AC4F09 /* libfreetype.a in Frameworks */ = {isa = PBXBuildFile; fileRef = D236BB6A28A6A5FE00AC4F09 /* libfreetype.a */; };
		D236BC4328A6A5FF00AC4F09 /* glfm_platform_emscripten.c in Sources */ = {isa = PBXBuildFile; fileRef = D236BB6F28A6A5FE00AC4F09 /* glfm_platform_emscripten.c */; };
		D236BC4428A6A5FF00AC4F09 /* glfm_platform_android.c in Sources */ = {isa = PBXBuildFile; fileRef = D236BB7028A6A5FE00AC4F09 /* glfm_platform_android.c */; };
		D236BC4528A6A5FF00AC4F09 /* glfm_platform_ios.m in Sources */ = {isa = PBXBuildFile; fileRef = D236BB7228A6A5FE00AC4F09 /* glfm_platform_ios.m */; };
		D236BC4628A6A5FF00AC4F09 /* object.cpp in Sources */ = {isa = PBXBuildFile; fileRef = D236BB7B28A6A5FE00AC4F09 /* object.cpp */; };
		D236BC4728A6A5FF00AC4F09 /* mesh_object.cpp in Sources */ = {isa = PBXBuildFile; fileRef = D236BB7E28A6A5FE00AC4F09 /* mesh_object.cpp */; };
		D236BC4828A6A5FF00AC4F09 /* game_object.cpp in Sources */ = {isa = PBXBuildFile; fileRef = D236BB8028A6A5FE00AC4F09 /* game_object.cpp */; };
		D236BC4928A6A5FF00AC4F09 /* sprite_object.cpp in Sources */ = {isa = PBXBuildFile; fileRef = D236BB8128A6A5FE00AC4F09 /* sprite_object.cpp */; };
		D236BC4A28A6A5FF00AC4F09 /* model_object.cpp in Sources */ = {isa = PBXBuildFile; fileRef = D236BB8228A6A5FE00AC4F09 /* model_object.cpp */; };
		D236BC4B28A6A5FF00AC4F09 /* button.cpp in Sources */ = {isa = PBXBuildFile; fileRef = D236BB8628A6A5FE00AC4F09 /* button.cpp */; };
		D236BC4C28A6A5FF00AC4F09 /* touch_dispatcher.cpp in Sources */ = {isa = PBXBuildFile; fileRef = D236BB8728A6A5FE00AC4F09 /* touch_dispatcher.cpp */; };
		D236BC4D28A6A5FF00AC4F09 /* touch_handler.cpp in Sources */ = {isa = PBXBuildFile; fileRef = D236BB8828A6A5FE00AC4F09 /* touch_handler.cpp */; };
		D236BC4E28A6A5FF00AC4F09 /* touch_area.cpp in Sources */ = {isa = PBXBuildFile; fileRef = D236BB8B28A6A5FE00AC4F09 /* touch_area.cpp */; };
		D236BC4F28A6A5FF00AC4F09 /* sprites_animation.cpp in Sources */ = {isa = PBXBuildFile; fileRef = D236BB8F28A6A5FE00AC4F09 /* sprites_animation.cpp */; };
		D236BC5028A6A5FF00AC4F09 /* spritesheets_animation.cpp in Sources */ = {isa = PBXBuildFile; fileRef = D236BB9028A6A5FE00AC4F09 /* spritesheets_animation.cpp */; };
		D236BC5128A6A5FF00AC4F09 /* animation.cpp in Sources */ = {isa = PBXBuildFile; fileRef = D236BB9228A6A5FE00AC4F09 /* animation.cpp */; };
		D236BC5228A6A5FF00AC4F09 /* debugdrawex.cpp in Sources */ = {isa = PBXBuildFile; fileRef = D236BB9828A6A5FF00AC4F09 /* debugdrawex.cpp */; };
		D236BC5328A6A5FF00AC4F09 /* utils.cpp in Sources */ = {isa = PBXBuildFile; fileRef = D236BB9928A6A5FF00AC4F09 /* utils.cpp */; };
		D236BC5428A6A5FF00AC4F09 /* objloader.cpp in Sources */ = {isa = PBXBuildFile; fileRef = D236BB9C28A6A5FF00AC4F09 /* objloader.cpp */; };
		D236BC5528A6A5FF00AC4F09 /* resource_manager.cpp in Sources */ = {isa = PBXBuildFile; fileRef = D236BB9F28A6A5FF00AC4F09 /* resource_manager.cpp */; };
		D236BC5728A6A5FF00AC4F09 /* sprite_renderer.cpp in Sources */ = {isa = PBXBuildFile; fileRef = D236BBA428A6A5FF00AC4F09 /* sprite_renderer.cpp */; };
		D236BC5828A6A5FF00AC4F09 /* mesh.cpp in Sources */ = {isa = PBXBuildFile; fileRef = D236BBA828A6A5FF00AC4F09 /* mesh.cpp */; };
		D236BC5928A6A5FF00AC4F09 /* mesh_renderer.cpp in Sources */ = {isa = PBXBuildFile; fileRef = D236BBA928A6A5FF00AC4F09 /* mesh_renderer.cpp */; };
		D236BC5A28A6A5FF00AC4F09 /* post_processor.cpp in Sources */ = {isa = PBXBuildFile; fileRef = D236BBAC28A6A5FF00AC4F09 /* post_processor.cpp */; };
		D236BC5B28A6A5FF00AC4F09 /* color_renderer.cpp in Sources */ = {isa = PBXBuildFile; fileRef = D236BBAD28A6A5FF00AC4F09 /* color_renderer.cpp */; };
		D236BC5C28A6A5FF00AC4F09 /* texture.cpp in Sources */ = {isa = PBXBuildFile; fileRef = D236BBAF28A6A5FF00AC4F09 /* texture.cpp */; };
		D236BC5D28A6A5FF00AC4F09 /* model_cache.cpp in Sources */ = {isa = PBXBuildFile; fileRef = D236BBB328A6A5FF00AC4F09 /* model_cache.cpp */; };
		D236BC5E28A6A5FF00AC4F09 /* model.cpp in Sources */ = {isa = PBXBuildFile; fileRef = D236BBB528A6A5FF00AC4F09 /* model.cpp */; };
		D236BC5F28A6A5FF00AC4F09 /* particle_generator.cpp in Sources */ = {isa = PBXBuildFile; fileRef = D236BBB728A6A5FF00AC4F09 /* particle_generator.cpp */; };
		D236BC6028A6A5FF00AC4F09 /* text_renderer.cpp in Sources */ = {isa = PBXBuildFile; fileRef = D236BBB828A6A5FF00AC4F09 /* text_renderer.cpp */; };
		D236BC6128A6A5FF00AC4F09 /* basic_mesh.cpp in Sources */ = {isa = PBXBuildFile; fileRef = D236BBBB28A6A5FF00AC4F09 /* basic_mesh.cpp */; };
		D236BC6228A6A5FF00AC4F09 /* subtexture.cpp in Sources */ = {isa = PBXBuildFile; fileRef = D236BBBC28A6A5FF00AC4F09 /* subtexture.cpp */; };
		D236BC6328A6A5FF00AC4F09 /* global.cpp in Sources */ = {isa = PBXBuildFile; fileRef = D236BBBE28A6A5FF00AC4F09 /* global.cpp */; };
		D236BC6428A6A5FF00AC4F09 /* director.cpp in Sources */ = {isa = PBXBuildFile; fileRef = D236BBC028A6A5FF00AC4F09 /* director.cpp */; };
		D236BC6528A6A5FF00AC4F09 /* scene.cpp in Sources */ = {isa = PBXBuildFile; fileRef = D236BBC128A6A5FF00AC4F09 /* scene.cpp */; };
		D236BC6628A6A5FF00AC4F09 /* tilemap_helper.cpp in Sources */ = {isa = PBXBuildFile; fileRef = D236BBC628A6A5FF00AC4F09 /* tilemap_helper.cpp */; };
		D236BC6728A6A5FF00AC4F09 /* map_layer_combine.cpp in Sources */ = {isa = PBXBuildFile; fileRef = D236BBC828A6A5FF00AC4F09 /* map_layer_combine.cpp */; };
		D236BC6828A6A5FF00AC4F09 /* tile.cpp in Sources */ = {isa = PBXBuildFile; fileRef = D236BBCA28A6A5FF00AC4F09 /* tile.cpp */; };
		D236BC6928A6A5FF00AC4F09 /* map_layer.cpp in Sources */ = {isa = PBXBuildFile; fileRef = D236BBCC28A6A5FF00AC4F09 /* map_layer.cpp */; };
		D236BC6A28A6A5FF00AC4F09 /* cube.obj in Resources */ = {isa = PBXBuildFile; fileRef = D236BBCE28A6A5FF00AC4F09 /* cube.obj */; };
		D236BC6B28A6A5FF00AC4F09 /* cube_ogl.obj in Resources */ = {isa = PBXBuildFile; fileRef = D236BBCF28A6A5FF00AC4F09 /* cube_ogl.obj */; };
		D236BC6C28A6A5FF00AC4F09 /* game_wrapper.mm in Sources */ = {isa = PBXBuildFile; fileRef = D236BBD028A6A5FF00AC4F09 /* game_wrapper.mm */; };
		D236BC6D28A6A5FF00AC4F09 /* stb_image.cpp in Sources */ = {isa = PBXBuildFile; fileRef = D236BBD328A6A5FF00AC4F09 /* stb_image.cpp */; };
		D236BC6E28A6A5FF00AC4F09 /* metal.png in Resources */ = {isa = PBXBuildFile; fileRef = D236BBD528A6A5FF00AC4F09 /* metal.png */; };
		D236BC6F28A6A5FF00AC4F09 /* PISGB0.png in Resources */ = {isa = PBXBuildFile; fileRef = D236BBD628A6A5FF00AC4F09 /* PISGB0.png */; };
		D236BC7028A6A5FF00AC4F09 /* textureMask.png in Resources */ = {isa = PBXBuildFile; fileRef = D236BBD728A6A5FF00AC4F09 /* textureMask.png */; };
		D236BC7128A6A5FF00AC4F09 /* arrow.png in Resources */ = {isa = PBXBuildFile; fileRef = D236BBD828A6A5FF00AC4F09 /* arrow.png */; };
		D236BC7228A6A5FF00AC4F09 /* background.jpg in Resources */ = {isa = PBXBuildFile; fileRef = D236BBD928A6A5FF00AC4F09 /* background.jpg */; };
		D236BC7328A6A5FF00AC4F09 /* levelTest.png in Resources */ = {isa = PBXBuildFile; fileRef = D236BBDA28A6A5FF00AC4F09 /* levelTest.png */; };
		D236BC7428A6A5FF00AC4F09 /* awesomeface.png in Resources */ = {isa = PBXBuildFile; fileRef = D236BBDB28A6A5FF00AC4F09 /* awesomeface.png */; };
		D236BC7528A6A5FF00AC4F09 /* WolfCollection.png in Resources */ = {isa = PBXBuildFile; fileRef = D236BBDC28A6A5FF00AC4F09 /* WolfCollection.png */; };
		D236BC7628A6A5FF00AC4F09 /* marble.jpg in Resources */ = {isa = PBXBuildFile; fileRef = D236BBDD28A6A5FF00AC4F09 /* marble.jpg */; };
		D236BC7728A6A5FF00AC4F09 /* particle.png in Resources */ = {isa = PBXBuildFile; fileRef = D236BBDE28A6A5FF00AC4F09 /* particle.png */; };
/* End PBXBuildFile section */

/* Begin PBXFileReference section */
		D236BA4028A69A9D00AC4F09 /* Wolfenstein3dEx.app */ = {isa = PBXFileReference; explicitFileType = wrapper.application; includeInIndex = 0; path = Wolfenstein3dEx.app; sourceTree = BUILT_PRODUCTS_DIR; };
		D236BA5328A69A9F00AC4F09 /* Assets.xcassets */ = {isa = PBXFileReference; lastKnownFileType = folder.assetcatalog; path = Assets.xcassets; sourceTree = "<group>"; };
		D236BA5528A69A9F00AC4F09 /* Info.plist */ = {isa = PBXFileReference; lastKnownFileType = text.plist.xml; path = Info.plist; sourceTree = "<group>"; };
		D236BA5628A69A9F00AC4F09 /* main.m */ = {isa = PBXFileReference; lastKnownFileType = sourcecode.c.objc; path = main.m; sourceTree = "<group>"; };
		D236BA6028A6A5FD00AC4F09 /* default.ttf */ = {isa = PBXFileReference; lastKnownFileType = file; path = default.ttf; sourceTree = "<group>"; };
		D236BAC728A6A5FE00AC4F09 /* simple-xml.h */ = {isa = PBXFileReference; fileEncoding = 4; lastKnownFileType = sourcecode.c.h; path = "simple-xml.h"; sourceTree = "<group>"; };
		D236BACB28A6A5FE00AC4F09 /* ObjectTypes.hpp */ = {isa = PBXFileReference; fileEncoding = 4; lastKnownFileType = sourcecode.cpp.h; path = ObjectTypes.hpp; sourceTree = "<group>"; };
		D236BACC28A6A5FE00AC4F09 /* TileLayer.hpp */ = {isa = PBXFileReference; fileEncoding = 4; lastKnownFileType = sourcecode.cpp.h; path = TileLayer.hpp; sourceTree = "<group>"; };
		D236BACD28A6A5FE00AC4F09 /* Map.hpp */ = {isa = PBXFileReference; fileEncoding = 4; lastKnownFileType = sourcecode.cpp.h; path = Map.hpp; sourceTree = "<group>"; };
		D236BACE28A6A5FE00AC4F09 /* Config.hpp */ = {isa = PBXFileReference; fileEncoding = 4; lastKnownFileType = sourcecode.cpp.h; path = Config.hpp; sourceTree = "<group>"; };
		D236BACF28A6A5FE00AC4F09 /* ImageLayer.hpp */ = {isa = PBXFileReference; fileEncoding = 4; lastKnownFileType = sourcecode.cpp.h; path = ImageLayer.hpp; sourceTree = "<group>"; };
		D236BAD028A6A5FE00AC4F09 /* Property.hpp */ = {isa = PBXFileReference; fileEncoding = 4; lastKnownFileType = sourcecode.cpp.h; path = Property.hpp; sourceTree = "<group>"; };
		D236BAD128A6A5FE00AC4F09 /* Object.hpp */ = {isa = PBXFileReference; fileEncoding = 4; lastKnownFileType = sourcecode.cpp.h; path = Object.hpp; sourceTree = "<group>"; };
		D236BAD228A6A5FE00AC4F09 /* Layer.hpp */ = {isa = PBXFileReference; fileEncoding = 4; lastKnownFileType = sourcecode.cpp.h; path = Layer.hpp; sourceTree = "<group>"; };
		D236BAD428A6A5FE00AC4F09 /* Android.hpp */ = {isa = PBXFileReference; fileEncoding = 4; lastKnownFileType = sourcecode.cpp.h; path = Android.hpp; sourceTree = "<group>"; };
		D236BAD528A6A5FE00AC4F09 /* Log.hpp */ = {isa = PBXFileReference; fileEncoding = 4; lastKnownFileType = sourcecode.cpp.h; path = Log.hpp; sourceTree = "<group>"; };
		D236BAD628A6A5FE00AC4F09 /* ObjectGroup.hpp */ = {isa = PBXFileReference; fileEncoding = 4; lastKnownFileType = sourcecode.cpp.h; path = ObjectGroup.hpp; sourceTree = "<group>"; };
		D236BAD728A6A5FE00AC4F09 /* Types.inl */ = {isa = PBXFileReference; fileEncoding = 4; lastKnownFileType = text; path = Types.inl; sourceTree = "<group>"; };
		D236BAD828A6A5FE00AC4F09 /* FreeFuncs.hpp */ = {isa = PBXFileReference; fileEncoding = 4; lastKnownFileType = sourcecode.cpp.h; path = FreeFuncs.hpp; sourceTree = "<group>"; };
		D236BAD928A6A5FE00AC4F09 /* LayerGroup.hpp */ = {isa = PBXFileReference; fileEncoding = 4; lastKnownFileType = sourcecode.cpp.h; path = LayerGroup.hpp; sourceTree = "<group>"; };
		D236BADA28A6A5FE00AC4F09 /* Tileset.hpp */ = {isa = PBXFileReference; fileEncoding = 4; lastKnownFileType = sourcecode.cpp.h; path = Tileset.hpp; sourceTree = "<group>"; };
		D236BADB28A6A5FE00AC4F09 /* Types.hpp */ = {isa = PBXFileReference; fileEncoding = 4; lastKnownFileType = sourcecode.cpp.h; path = Types.hpp; sourceTree = "<group>"; };
		D236BADC28A6A5FE00AC4F09 /* tmx_loader.cpp */ = {isa = PBXFileReference; fileEncoding = 4; lastKnownFileType = sourcecode.cpp.cpp; path = tmx_loader.cpp; sourceTree = "<group>"; };
		D236BADE28A6A5FE00AC4F09 /* imgui.h */ = {isa = PBXFileReference; fileEncoding = 4; lastKnownFileType = sourcecode.c.h; path = imgui.h; sourceTree = "<group>"; };
		D236BADF28A6A5FE00AC4F09 /* imstb_textedit.h */ = {isa = PBXFileReference; fileEncoding = 4; lastKnownFileType = sourcecode.c.h; path = imstb_textedit.h; sourceTree = "<group>"; };
		D236BAE028A6A5FE00AC4F09 /* imconfig.h */ = {isa = PBXFileReference; fileEncoding = 4; lastKnownFileType = sourcecode.c.h; path = imconfig.h; sourceTree = "<group>"; };
		D236BAE128A6A5FE00AC4F09 /* imgui_widgets.cpp */ = {isa = PBXFileReference; fileEncoding = 4; lastKnownFileType = sourcecode.cpp.cpp; path = imgui_widgets.cpp; sourceTree = "<group>"; };
		D236BAE228A6A5FE00AC4F09 /* imstb_truetype.h */ = {isa = PBXFileReference; fileEncoding = 4; lastKnownFileType = sourcecode.c.h; path = imstb_truetype.h; sourceTree = "<group>"; };
		D236BAE328A6A5FE00AC4F09 /* imgui_impl_opengl3.h */ = {isa = PBXFileReference; fileEncoding = 4; lastKnownFileType = sourcecode.c.h; path = imgui_impl_opengl3.h; sourceTree = "<group>"; };
		D236BAE428A6A5FE00AC4F09 /* imgui_impl_opengl3_loader.h */ = {isa = PBXFileReference; fileEncoding = 4; lastKnownFileType = sourcecode.c.h; path = imgui_impl_opengl3_loader.h; sourceTree = "<group>"; };
		D236BAE528A6A5FE00AC4F09 /* imgui.cpp */ = {isa = PBXFileReference; fileEncoding = 4; lastKnownFileType = sourcecode.cpp.cpp; path = imgui.cpp; sourceTree = "<group>"; };
		D236BAE628A6A5FE00AC4F09 /* imgui_internal.h */ = {isa = PBXFileReference; fileEncoding = 4; lastKnownFileType = sourcecode.c.h; path = imgui_internal.h; sourceTree = "<group>"; };
		D236BAE728A6A5FE00AC4F09 /* imgui_impl_opengl3.cpp */ = {isa = PBXFileReference; fileEncoding = 4; lastKnownFileType = sourcecode.cpp.cpp; path = imgui_impl_opengl3.cpp; sourceTree = "<group>"; };
		D236BAE828A6A5FE00AC4F09 /* imstb_rectpack.h */ = {isa = PBXFileReference; fileEncoding = 4; lastKnownFileType = sourcecode.c.h; path = imstb_rectpack.h; sourceTree = "<group>"; };
		D236BAE928A6A5FE00AC4F09 /* imgui_tables.cpp */ = {isa = PBXFileReference; fileEncoding = 4; lastKnownFileType = sourcecode.cpp.cpp; path = imgui_tables.cpp; sourceTree = "<group>"; };
		D236BAEA28A6A5FE00AC4F09 /* imgui_demo.cpp */ = {isa = PBXFileReference; fileEncoding = 4; lastKnownFileType = sourcecode.cpp.cpp; path = imgui_demo.cpp; sourceTree = "<group>"; };
		D236BAEB28A6A5FE00AC4F09 /* imgui_draw.cpp */ = {isa = PBXFileReference; fileEncoding = 4; lastKnownFileType = sourcecode.cpp.cpp; path = imgui_draw.cpp; sourceTree = "<group>"; };
		D236BAEC28A6A5FE00AC4F09 /* tmx_loader.hpp */ = {isa = PBXFileReference; fileEncoding = 4; lastKnownFileType = sourcecode.cpp.h; path = tmx_loader.hpp; sourceTree = "<group>"; };
		D236BAEF28A6A5FE00AC4F09 /* game_platformer.cpp */ = {isa = PBXFileReference; fileEncoding = 4; lastKnownFileType = sourcecode.cpp.cpp; path = game_platformer.cpp; sourceTree = "<group>"; };
		D236BAF028A6A5FE00AC4F09 /* game_wolfenstein3d.cpp */ = {isa = PBXFileReference; fileEncoding = 4; lastKnownFileType = sourcecode.cpp.cpp; path = game_wolfenstein3d.cpp; sourceTree = "<group>"; };
		D236BAF128A6A5FE00AC4F09 /* game_wolfenstein3d.hpp */ = {isa = PBXFileReference; fileEncoding = 4; lastKnownFileType = sourcecode.cpp.h; path = game_wolfenstein3d.hpp; sourceTree = "<group>"; };
		D236BAF228A6A5FE00AC4F09 /* game_platformer.hpp */ = {isa = PBXFileReference; fileEncoding = 4; lastKnownFileType = sourcecode.cpp.h; path = game_platformer.hpp; sourceTree = "<group>"; };
		D236BAF428A6A5FE00AC4F09 /* player.cpp */ = {isa = PBXFileReference; fileEncoding = 4; lastKnownFileType = sourcecode.cpp.cpp; path = player.cpp; sourceTree = "<group>"; };
		D236BAF528A6A5FE00AC4F09 /* wolf_player.hpp */ = {isa = PBXFileReference; fileEncoding = 4; lastKnownFileType = sourcecode.cpp.h; path = wolf_player.hpp; sourceTree = "<group>"; };
		D236BAF628A6A5FE00AC4F09 /* player.hpp */ = {isa = PBXFileReference; fileEncoding = 4; lastKnownFileType = sourcecode.cpp.h; path = player.hpp; sourceTree = "<group>"; };
		D236BAF728A6A5FE00AC4F09 /* wolf_player.cpp */ = {isa = PBXFileReference; fileEncoding = 4; lastKnownFileType = sourcecode.cpp.cpp; path = wolf_player.cpp; sourceTree = "<group>"; };
		D236BAF828A6A5FE00AC4F09 /* level.cpp */ = {isa = PBXFileReference; fileEncoding = 4; lastKnownFileType = sourcecode.cpp.cpp; path = level.cpp; sourceTree = "<group>"; };
		D236BAF928A6A5FE00AC4F09 /* door.cpp */ = {isa = PBXFileReference; fileEncoding = 4; lastKnownFileType = sourcecode.cpp.cpp; path = door.cpp; sourceTree = "<group>"; };
		D236BAFA28A6A5FE00AC4F09 /* level.hpp */ = {isa = PBXFileReference; fileEncoding = 4; lastKnownFileType = sourcecode.cpp.h; path = level.hpp; sourceTree = "<group>"; };
		D236BAFB28A6A5FE00AC4F09 /* door.hpp */ = {isa = PBXFileReference; fileEncoding = 4; lastKnownFileType = sourcecode.cpp.h; path = door.hpp; sourceTree = "<group>"; };
		D236BAFD28A6A5FE00AC4F09 /* tmx_hash.c */ = {isa = PBXFileReference; fileEncoding = 4; lastKnownFileType = sourcecode.c.c; path = tmx_hash.c; sourceTree = "<group>"; };
		D236BAFE28A6A5FE00AC4F09 /* tmx.c */ = {isa = PBXFileReference; fileEncoding = 4; lastKnownFileType = sourcecode.c.c; path = tmx.c; sourceTree = "<group>"; };
		D236BAFF28A6A5FE00AC4F09 /* tmx_utils.c */ = {isa = PBXFileReference; fileEncoding = 4; lastKnownFileType = sourcecode.c.c; path = tmx_utils.c; sourceTree = "<group>"; };
		D236BB0028A6A5FE00AC4F09 /* tmx_err.c */ = {isa = PBXFileReference; fileEncoding = 4; lastKnownFileType = sourcecode.c.c; path = tmx_err.c; sourceTree = "<group>"; };
		D236BB0128A6A5FE00AC4F09 /* tmx_mem.c */ = {isa = PBXFileReference; fileEncoding = 4; lastKnownFileType = sourcecode.c.c; path = tmx_mem.c; sourceTree = "<group>"; };
		D236BB0228A6A5FE00AC4F09 /* tmx.h */ = {isa = PBXFileReference; fileEncoding = 4; lastKnownFileType = sourcecode.c.h; path = tmx.h; sourceTree = "<group>"; };
		D236BB0328A6A5FE00AC4F09 /* tmx_utils.h */ = {isa = PBXFileReference; fileEncoding = 4; lastKnownFileType = sourcecode.c.h; path = tmx_utils.h; sourceTree = "<group>"; };
		D236BB0428A6A5FE00AC4F09 /* tmx_xml.c */ = {isa = PBXFileReference; fileEncoding = 4; lastKnownFileType = sourcecode.c.c; path = tmx_xml.c; sourceTree = "<group>"; };
		D236BB0728A6A5FE00AC4F09 /* Export.h */ = {isa = PBXFileReference; fileEncoding = 4; lastKnownFileType = sourcecode.c.h; path = Export.h; sourceTree = "<group>"; };
		D236BB0828A6A5FE00AC4F09 /* SimpleAudioEngine.h */ = {isa = PBXFileReference; fileEncoding = 4; lastKnownFileType = sourcecode.c.h; path = SimpleAudioEngine.h; sourceTree = "<group>"; };
		D236BB0A28A6A5FE00AC4F09 /* CDConfig.h */ = {isa = PBXFileReference; fileEncoding = 4; lastKnownFileType = sourcecode.c.h; path = CDConfig.h; sourceTree = "<group>"; };
		D236BB0B28A6A5FE00AC4F09 /* CDOpenALSupport.m */ = {isa = PBXFileReference; fileEncoding = 4; lastKnownFileType = sourcecode.c.objc; path = CDOpenALSupport.m; sourceTree = "<group>"; };
		D236BB0C28A6A5FE00AC4F09 /* CDAudioManager.m */ = {isa = PBXFileReference; fileEncoding = 4; lastKnownFileType = sourcecode.c.objc; path = CDAudioManager.m; sourceTree = "<group>"; };
		D236BB0D28A6A5FE00AC4F09 /* SimpleAudioEngine_objc.h */ = {isa = PBXFileReference; fileEncoding = 4; lastKnownFileType = sourcecode.c.h; path = SimpleAudioEngine_objc.h; sourceTree = "<group>"; };
		D236BB0E28A6A5FE00AC4F09 /* CocosDenshion.m */ = {isa = PBXFileReference; fileEncoding = 4; lastKnownFileType = sourcecode.c.objc; path = CocosDenshion.m; sourceTree = "<group>"; };
		D236BB0F28A6A5FE00AC4F09 /* CDOpenALSupport.h */ = {isa = PBXFileReference; fileEncoding = 4; lastKnownFileType = sourcecode.c.h; path = CDOpenALSupport.h; sourceTree = "<group>"; };
		D236BB1028A6A5FE00AC4F09 /* CDAudioManager.h */ = {isa = PBXFileReference; fileEncoding = 4; lastKnownFileType = sourcecode.c.h; path = CDAudioManager.h; sourceTree = "<group>"; };
		D236BB1128A6A5FE00AC4F09 /* CocosDenshion.h */ = {isa = PBXFileReference; fileEncoding = 4; lastKnownFileType = sourcecode.c.h; path = CocosDenshion.h; sourceTree = "<group>"; };
		D236BB1228A6A5FE00AC4F09 /* SimpleAudioEngine_objc.m */ = {isa = PBXFileReference; fileEncoding = 4; lastKnownFileType = sourcecode.c.objc; path = SimpleAudioEngine_objc.m; sourceTree = "<group>"; };
		D236BB1328A6A5FE00AC4F09 /* SimpleAudioEngine.mm */ = {isa = PBXFileReference; fileEncoding = 4; lastKnownFileType = sourcecode.cpp.objcpp; path = SimpleAudioEngine.mm; sourceTree = "<group>"; };
		D236BB1528A6A5FE00AC4F09 /* post_processing.fs */ = {isa = PBXFileReference; fileEncoding = 4; lastKnownFileType = sourcecode.glsl; path = post_processing.fs; sourceTree = "<group>"; };
		D236BB1628A6A5FE00AC4F09 /* mulight.vs */ = {isa = PBXFileReference; fileEncoding = 4; lastKnownFileType = sourcecode.glsl; path = mulight.vs; sourceTree = "<group>"; };
		D236BB1728A6A5FE00AC4F09 /* b2lines.vs */ = {isa = PBXFileReference; fileEncoding = 4; lastKnownFileType = sourcecode.glsl; path = b2lines.vs; sourceTree = "<group>"; };
		D236BB1828A6A5FE00AC4F09 /* text_2d.vs */ = {isa = PBXFileReference; fileEncoding = 4; lastKnownFileType = sourcecode.glsl; path = text_2d.vs; sourceTree = "<group>"; };
		D236BB1928A6A5FE00AC4F09 /* b2points.fs */ = {isa = PBXFileReference; fileEncoding = 4; lastKnownFileType = sourcecode.glsl; path = b2points.fs; sourceTree = "<group>"; };
		D236BB1A28A6A5FE00AC4F09 /* simple.frag */ = {isa = PBXFileReference; fileEncoding = 4; lastKnownFileType = sourcecode.glsl; path = simple.frag; sourceTree = "<group>"; };
		D236BB1B28A6A5FE00AC4F09 /* color.vs */ = {isa = PBXFileReference; fileEncoding = 4; lastKnownFileType = sourcecode.glsl; path = color.vs; sourceTree = "<group>"; };
		D236BB1C28A6A5FE00AC4F09 /* tilebatch.vs */ = {isa = PBXFileReference; fileEncoding = 4; lastKnownFileType = sourcecode.glsl; path = tilebatch.vs; sourceTree = "<group>"; };
		D236BB1D28A6A5FE00AC4F09 /* sprite.fs */ = {isa = PBXFileReference; fileEncoding = 4; lastKnownFileType = sourcecode.glsl; path = sprite.fs; sourceTree = "<group>"; };
		D236BB1E28A6A5FE00AC4F09 /* ui.vs */ = {isa = PBXFileReference; fileEncoding = 4; lastKnownFileType = sourcecode.glsl; path = ui.vs; sourceTree = "<group>"; };
		D236BB1F28A6A5FE00AC4F09 /* depth.fs */ = {isa = PBXFileReference; fileEncoding = 4; lastKnownFileType = sourcecode.glsl; path = depth.fs; sourceTree = "<group>"; };
		D236BB2028A6A5FE00AC4F09 /* mesh.vs */ = {isa = PBXFileReference; fileEncoding = 4; lastKnownFileType = sourcecode.glsl; path = mesh.vs; sourceTree = "<group>"; };
		D236BB2128A6A5FE00AC4F09 /* cube.fs */ = {isa = PBXFileReference; fileEncoding = 4; lastKnownFileType = sourcecode.glsl; path = cube.fs; sourceTree = "<group>"; };
		D236BB2228A6A5FE00AC4F09 /* particle.fs */ = {isa = PBXFileReference; fileEncoding = 4; lastKnownFileType = sourcecode.glsl; path = particle.fs; sourceTree = "<group>"; };
		D236BB2328A6A5FE00AC4F09 /* ui.fs */ = {isa = PBXFileReference; fileEncoding = 4; lastKnownFileType = sourcecode.glsl; path = ui.fs; sourceTree = "<group>"; };
		D236BB2428A6A5FE00AC4F09 /* simple.vert */ = {isa = PBXFileReference; fileEncoding = 4; lastKnownFileType = sourcecode.glsl; path = simple.vert; sourceTree = "<group>"; };
		D236BB2528A6A5FE00AC4F09 /* sprite.vs */ = {isa = PBXFileReference; fileEncoding = 4; lastKnownFileType = sourcecode.glsl; path = sprite.vs; sourceTree = "<group>"; };
		D236BB2628A6A5FE00AC4F09 /* depth.vs */ = {isa = PBXFileReference; fileEncoding = 4; lastKnownFileType = sourcecode.glsl; path = depth.vs; sourceTree = "<group>"; };
		D236BB2728A6A5FE00AC4F09 /* mesh.fs */ = {isa = PBXFileReference; fileEncoding = 4; lastKnownFileType = sourcecode.glsl; path = mesh.fs; sourceTree = "<group>"; };
		D236BB2828A6A5FE00AC4F09 /* cube.vs */ = {isa = PBXFileReference; fileEncoding = 4; lastKnownFileType = sourcecode.glsl; path = cube.vs; sourceTree = "<group>"; };
		D236BB2928A6A5FE00AC4F09 /* particle.vs */ = {isa = PBXFileReference; fileEncoding = 4; lastKnownFileType = sourcecode.glsl; path = particle.vs; sourceTree = "<group>"; };
		D236BB2A28A6A5FE00AC4F09 /* b2lines.fs */ = {isa = PBXFileReference; fileEncoding = 4; lastKnownFileType = sourcecode.glsl; path = b2lines.fs; sourceTree = "<group>"; };
		D236BB2B28A6A5FE00AC4F09 /* mulight.fs */ = {isa = PBXFileReference; fileEncoding = 4; lastKnownFileType = sourcecode.glsl; path = mulight.fs; sourceTree = "<group>"; };
		D236BB2C28A6A5FE00AC4F09 /* post_processing.vs */ = {isa = PBXFileReference; fileEncoding = 4; lastKnownFileType = sourcecode.glsl; path = post_processing.vs; sourceTree = "<group>"; };
		D236BB2D28A6A5FE00AC4F09 /* color.fs */ = {isa = PBXFileReference; fileEncoding = 4; lastKnownFileType = sourcecode.glsl; path = color.fs; sourceTree = "<group>"; };
		D236BB2E28A6A5FE00AC4F09 /* tilebatch.fs */ = {isa = PBXFileReference; fileEncoding = 4; lastKnownFileType = sourcecode.glsl; path = tilebatch.fs; sourceTree = "<group>"; };
		D236BB2F28A6A5FE00AC4F09 /* b2points.vs */ = {isa = PBXFileReference; fileEncoding = 4; lastKnownFileType = sourcecode.glsl; path = b2points.vs; sourceTree = "<group>"; };
		D236BB3028A6A5FE00AC4F09 /* text_2d.fs */ = {isa = PBXFileReference; fileEncoding = 4; lastKnownFileType = sourcecode.glsl; path = text_2d.fs; sourceTree = "<group>"; };
		D236BB6A28A6A5FE00AC4F09 /* libfreetype.a */ = {isa = PBXFileReference; lastKnownFileType = archive.ar; path = libfreetype.a; sourceTree = "<group>"; };
		D236BB6D28A6A5FE00AC4F09 /* glfm.h */ = {isa = PBXFileReference; fileEncoding = 4; lastKnownFileType = sourcecode.c.h; path = glfm.h; sourceTree = "<group>"; };
		D236BB6F28A6A5FE00AC4F09 /* glfm_platform_emscripten.c */ = {isa = PBXFileReference; fileEncoding = 4; lastKnownFileType = sourcecode.c.c; path = glfm_platform_emscripten.c; sourceTree = "<group>"; };
		D236BB7028A6A5FE00AC4F09 /* glfm_platform_android.c */ = {isa = PBXFileReference; fileEncoding = 4; lastKnownFileType = sourcecode.c.c; path = glfm_platform_android.c; sourceTree = "<group>"; };
		D236BB7128A6A5FE00AC4F09 /* glfm_platform.h */ = {isa = PBXFileReference; fileEncoding = 4; lastKnownFileType = sourcecode.c.h; path = glfm_platform.h; sourceTree = "<group>"; };
		D236BB7228A6A5FE00AC4F09 /* glfm_platform_ios.m */ = {isa = PBXFileReference; fileEncoding = 4; lastKnownFileType = sourcecode.c.objc; path = glfm_platform_ios.m; sourceTree = "<group>"; };
		D236BB7328A6A5FE00AC4F09 /* game_wrapper.h */ = {isa = PBXFileReference; fileEncoding = 4; lastKnownFileType = sourcecode.c.h; path = game_wrapper.h; sourceTree = "<group>"; };
		D236BB7528A6A5FE00AC4F09 /* global.hpp */ = {isa = PBXFileReference; fileEncoding = 4; lastKnownFileType = sourcecode.cpp.h; path = global.hpp; sourceTree = "<group>"; };
		D236BB7728A6A5FE00AC4F09 /* model_object.hpp */ = {isa = PBXFileReference; fileEncoding = 4; lastKnownFileType = sourcecode.cpp.h; path = model_object.hpp; sourceTree = "<group>"; };
		D236BB7828A6A5FE00AC4F09 /* shader.h */ = {isa = PBXFileReference; fileEncoding = 4; lastKnownFileType = sourcecode.c.h; path = shader.h; sourceTree = "<group>"; };
		D236BB7928A6A5FE00AC4F09 /* mesh_object.hpp */ = {isa = PBXFileReference; fileEncoding = 4; lastKnownFileType = sourcecode.cpp.h; path = mesh_object.hpp; sourceTree = "<group>"; };
		D236BB7A28A6A5FE00AC4F09 /* camera.h */ = {isa = PBXFileReference; fileEncoding = 4; lastKnownFileType = sourcecode.c.h; path = camera.h; sourceTree = "<group>"; };
		D236BB7B28A6A5FE00AC4F09 /* object.cpp */ = {isa = PBXFileReference; fileEncoding = 4; lastKnownFileType = sourcecode.cpp.cpp; path = object.cpp; sourceTree = "<group>"; };
		D236BB7C28A6A5FE00AC4F09 /* sprite_object.hpp */ = {isa = PBXFileReference; fileEncoding = 4; lastKnownFileType = sourcecode.cpp.h; path = sprite_object.hpp; sourceTree = "<group>"; };
		D236BB7D28A6A5FE00AC4F09 /* game_object.hpp */ = {isa = PBXFileReference; fileEncoding = 4; lastKnownFileType = sourcecode.cpp.h; path = game_object.hpp; sourceTree = "<group>"; };
		D236BB7E28A6A5FE00AC4F09 /* mesh_object.cpp */ = {isa = PBXFileReference; fileEncoding = 4; lastKnownFileType = sourcecode.cpp.cpp; path = mesh_object.cpp; sourceTree = "<group>"; };
		D236BB7F28A6A5FE00AC4F09 /* object.hpp */ = {isa = PBXFileReference; fileEncoding = 4; lastKnownFileType = sourcecode.cpp.h; path = object.hpp; sourceTree = "<group>"; };
		D236BB8028A6A5FE00AC4F09 /* game_object.cpp */ = {isa = PBXFileReference; fileEncoding = 4; lastKnownFileType = sourcecode.cpp.cpp; path = game_object.cpp; sourceTree = "<group>"; };
		D236BB8128A6A5FE00AC4F09 /* sprite_object.cpp */ = {isa = PBXFileReference; fileEncoding = 4; lastKnownFileType = sourcecode.cpp.cpp; path = sprite_object.cpp; sourceTree = "<group>"; };
		D236BB8228A6A5FE00AC4F09 /* model_object.cpp */ = {isa = PBXFileReference; fileEncoding = 4; lastKnownFileType = sourcecode.cpp.cpp; path = model_object.cpp; sourceTree = "<group>"; };
		D236BB8328A6A5FE00AC4F09 /* libex.h */ = {isa = PBXFileReference; fileEncoding = 4; lastKnownFileType = sourcecode.c.h; path = libex.h; sourceTree = "<group>"; };
		D236BB8528A6A5FE00AC4F09 /* touch_area.hpp */ = {isa = PBXFileReference; fileEncoding = 4; lastKnownFileType = sourcecode.cpp.h; path = touch_area.hpp; sourceTree = "<group>"; };
		D236BB8628A6A5FE00AC4F09 /* button.cpp */ = {isa = PBXFileReference; fileEncoding = 4; lastKnownFileType = sourcecode.cpp.cpp; path = button.cpp; sourceTree = "<group>"; };
		D236BB8728A6A5FE00AC4F09 /* touch_dispatcher.cpp */ = {isa = PBXFileReference; fileEncoding = 4; lastKnownFileType = sourcecode.cpp.cpp; path = touch_dispatcher.cpp; sourceTree = "<group>"; };
		D236BB8828A6A5FE00AC4F09 /* touch_handler.cpp */ = {isa = PBXFileReference; fileEncoding = 4; lastKnownFileType = sourcecode.cpp.cpp; path = touch_handler.cpp; sourceTree = "<group>"; };
		D236BB8928A6A5FE00AC4F09 /* touch_dispatcher.hpp */ = {isa = PBXFileReference; fileEncoding = 4; lastKnownFileType = sourcecode.cpp.h; path = touch_dispatcher.hpp; sourceTree = "<group>"; };
		D236BB8A28A6A5FE00AC4F09 /* touch_handler.hpp */ = {isa = PBXFileReference; fileEncoding = 4; lastKnownFileType = sourcecode.cpp.h; path = touch_handler.hpp; sourceTree = "<group>"; };
		D236BB8B28A6A5FE00AC4F09 /* touch_area.cpp */ = {isa = PBXFileReference; fileEncoding = 4; lastKnownFileType = sourcecode.cpp.cpp; path = touch_area.cpp; sourceTree = "<group>"; };
		D236BB8C28A6A5FE00AC4F09 /* button.hpp */ = {isa = PBXFileReference; fileEncoding = 4; lastKnownFileType = sourcecode.cpp.h; path = button.hpp; sourceTree = "<group>"; };
		D236BB8D28A6A5FE00AC4F09 /* touch_delegate_protocol.h */ = {isa = PBXFileReference; fileEncoding = 4; lastKnownFileType = sourcecode.c.h; path = touch_delegate_protocol.h; sourceTree = "<group>"; };
		D236BB8F28A6A5FE00AC4F09 /* sprites_animation.cpp */ = {isa = PBXFileReference; fileEncoding = 4; lastKnownFileType = sourcecode.cpp.cpp; path = sprites_animation.cpp; sourceTree = "<group>"; };
		D236BB9028A6A5FE00AC4F09 /* spritesheets_animation.cpp */ = {isa = PBXFileReference; fileEncoding = 4; lastKnownFileType = sourcecode.cpp.cpp; path = spritesheets_animation.cpp; sourceTree = "<group>"; };
		D236BB9128A6A5FE00AC4F09 /* animation.hpp */ = {isa = PBXFileReference; fileEncoding = 4; lastKnownFileType = sourcecode.cpp.h; path = animation.hpp; sourceTree = "<group>"; };
		D236BB9228A6A5FE00AC4F09 /* animation.cpp */ = {isa = PBXFileReference; fileEncoding = 4; lastKnownFileType = sourcecode.cpp.cpp; path = animation.cpp; sourceTree = "<group>"; };
		D236BB9328A6A5FE00AC4F09 /* spritesheets_animation.hpp */ = {isa = PBXFileReference; fileEncoding = 4; lastKnownFileType = sourcecode.cpp.h; path = spritesheets_animation.hpp; sourceTree = "<group>"; };
		D236BB9428A6A5FE00AC4F09 /* sprites_animation.hpp */ = {isa = PBXFileReference; fileEncoding = 4; lastKnownFileType = sourcecode.cpp.h; path = sprites_animation.hpp; sourceTree = "<group>"; };
		D236BB9628A6A5FE00AC4F09 /* resource_manager.hpp */ = {isa = PBXFileReference; fileEncoding = 4; lastKnownFileType = sourcecode.cpp.h; path = resource_manager.hpp; sourceTree = "<group>"; };
		D236BB9728A6A5FE00AC4F09 /* utils.h */ = {isa = PBXFileReference; fileEncoding = 4; lastKnownFileType = sourcecode.c.h; path = utils.h; sourceTree = "<group>"; };
		D236BB9828A6A5FF00AC4F09 /* debugdrawex.cpp */ = {isa = PBXFileReference; fileEncoding = 4; lastKnownFileType = sourcecode.cpp.cpp; path = debugdrawex.cpp; sourceTree = "<group>"; };
		D236BB9928A6A5FF00AC4F09 /* utils.cpp */ = {isa = PBXFileReference; fileEncoding = 4; lastKnownFileType = sourcecode.cpp.cpp; path = utils.cpp; sourceTree = "<group>"; };
		D236BB9B28A6A5FF00AC4F09 /* glad.h */ = {isa = PBXFileReference; fileEncoding = 4; lastKnownFileType = sourcecode.c.h; path = glad.h; sourceTree = "<group>"; };
		D236BB9C28A6A5FF00AC4F09 /* objloader.cpp */ = {isa = PBXFileReference; fileEncoding = 4; lastKnownFileType = sourcecode.cpp.cpp; path = objloader.cpp; sourceTree = "<group>"; };
		D236BB9D28A6A5FF00AC4F09 /* color.h */ = {isa = PBXFileReference; fileEncoding = 4; lastKnownFileType = sourcecode.c.h; path = color.h; sourceTree = "<group>"; };
		D236BB9E28A6A5FF00AC4F09 /* file_compat.h */ = {isa = PBXFileReference; fileEncoding = 4; lastKnownFileType = sourcecode.c.h; path = file_compat.h; sourceTree = "<group>"; };
		D236BB9F28A6A5FF00AC4F09 /* resource_manager.cpp */ = {isa = PBXFileReference; fileEncoding = 4; lastKnownFileType = sourcecode.cpp.cpp; path = resource_manager.cpp; sourceTree = "<group>"; };
		D236BBA028A6A5FF00AC4F09 /* debugdrawex.hpp */ = {isa = PBXFileReference; fileEncoding = 4; lastKnownFileType = sourcecode.cpp.h; path = debugdrawex.hpp; sourceTree = "<group>"; };
		D236BBA228A6A5FF00AC4F09 /* objloader.hpp */ = {isa = PBXFileReference; fileEncoding = 4; lastKnownFileType = sourcecode.cpp.h; path = objloader.hpp; sourceTree = "<group>"; };
		D236BBA428A6A5FF00AC4F09 /* sprite_renderer.cpp */ = {isa = PBXFileReference; fileEncoding = 4; lastKnownFileType = sourcecode.cpp.cpp; path = sprite_renderer.cpp; sourceTree = "<group>"; };
		D236BBA528A6A5FF00AC4F09 /* vertex.h */ = {isa = PBXFileReference; fileEncoding = 4; lastKnownFileType = sourcecode.c.h; path = vertex.h; sourceTree = "<group>"; };
		D236BBA628A6A5FF00AC4F09 /* particle_generator.hpp */ = {isa = PBXFileReference; fileEncoding = 4; lastKnownFileType = sourcecode.cpp.h; path = particle_generator.hpp; sourceTree = "<group>"; };
		D236BBA728A6A5FF00AC4F09 /* text_renderer.hpp */ = {isa = PBXFileReference; fileEncoding = 4; lastKnownFileType = sourcecode.cpp.h; path = text_renderer.hpp; sourceTree = "<group>"; };
		D236BBA828A6A5FF00AC4F09 /* mesh.cpp */ = {isa = PBXFileReference; fileEncoding = 4; lastKnownFileType = sourcecode.cpp.cpp; path = mesh.cpp; sourceTree = "<group>"; };
		D236BBA928A6A5FF00AC4F09 /* mesh_renderer.cpp */ = {isa = PBXFileReference; fileEncoding = 4; lastKnownFileType = sourcecode.cpp.cpp; path = mesh_renderer.cpp; sourceTree = "<group>"; };
		D236BBAA28A6A5FF00AC4F09 /* basic_mesh.hpp */ = {isa = PBXFileReference; fileEncoding = 4; lastKnownFileType = sourcecode.cpp.h; path = basic_mesh.hpp; sourceTree = "<group>"; };
		D236BBAB28A6A5FF00AC4F09 /* subtexture.hpp */ = {isa = PBXFileReference; fileEncoding = 4; lastKnownFileType = sourcecode.cpp.h; path = subtexture.hpp; sourceTree = "<group>"; };
		D236BBAC28A6A5FF00AC4F09 /* post_processor.cpp */ = {isa = PBXFileReference; fileEncoding = 4; lastKnownFileType = sourcecode.cpp.cpp; path = post_processor.cpp; sourceTree = "<group>"; };
		D236BBAD28A6A5FF00AC4F09 /* color_renderer.cpp */ = {isa = PBXFileReference; fileEncoding = 4; lastKnownFileType = sourcecode.cpp.cpp; path = color_renderer.cpp; sourceTree = "<group>"; };
		D236BBAE28A6A5FF00AC4F09 /* model_cache.hpp */ = {isa = PBXFileReference; fileEncoding = 4; lastKnownFileType = sourcecode.cpp.h; path = model_cache.hpp; sourceTree = "<group>"; };
		D236BBAF28A6A5FF00AC4F09 /* texture.cpp */ = {isa = PBXFileReference; fileEncoding = 4; lastKnownFileType = sourcecode.cpp.cpp; path = texture.cpp; sourceTree = "<group>"; };
		D236BBB028A6A5FF00AC4F09 /* model.hpp */ = {isa = PBXFileReference; fileEncoding = 4; lastKnownFileType = sourcecode.cpp.h; path = model.hpp; sourceTree = "<group>"; };
		D236BBB128A6A5FF00AC4F09 /* post_processor.hpp */ = {isa = PBXFileReference; fileEncoding = 4; lastKnownFileType = sourcecode.cpp.h; path = post_processor.hpp; sourceTree = "<group>"; };
		D236BBB228A6A5FF00AC4F09 /* color_renderer.hpp */ = {isa = PBXFileReference; fileEncoding = 4; lastKnownFileType = sourcecode.cpp.h; path = color_renderer.hpp; sourceTree = "<group>"; };
		D236BBB328A6A5FF00AC4F09 /* model_cache.cpp */ = {isa = PBXFileReference; fileEncoding = 4; lastKnownFileType = sourcecode.cpp.cpp; path = model_cache.cpp; sourceTree = "<group>"; };
		D236BBB428A6A5FF00AC4F09 /* texture.hpp */ = {isa = PBXFileReference; fileEncoding = 4; lastKnownFileType = sourcecode.cpp.h; path = texture.hpp; sourceTree = "<group>"; };
		D236BBB528A6A5FF00AC4F09 /* model.cpp */ = {isa = PBXFileReference; fileEncoding = 4; lastKnownFileType = sourcecode.cpp.cpp; path = model.cpp; sourceTree = "<group>"; };
		D236BBB628A6A5FF00AC4F09 /* sprite_renderer.hpp */ = {isa = PBXFileReference; fileEncoding = 4; lastKnownFileType = sourcecode.cpp.h; path = sprite_renderer.hpp; sourceTree = "<group>"; };
		D236BBB728A6A5FF00AC4F09 /* particle_generator.cpp */ = {isa = PBXFileReference; fileEncoding = 4; lastKnownFileType = sourcecode.cpp.cpp; path = particle_generator.cpp; sourceTree = "<group>"; };
		D236BBB828A6A5FF00AC4F09 /* text_renderer.cpp */ = {isa = PBXFileReference; fileEncoding = 4; lastKnownFileType = sourcecode.cpp.cpp; path = text_renderer.cpp; sourceTree = "<group>"; };
		D236BBB928A6A5FF00AC4F09 /* mesh.hpp */ = {isa = PBXFileReference; fileEncoding = 4; lastKnownFileType = sourcecode.cpp.h; path = mesh.hpp; sourceTree = "<group>"; };
		D236BBBA28A6A5FF00AC4F09 /* mesh_renderer.hpp */ = {isa = PBXFileReference; fileEncoding = 4; lastKnownFileType = sourcecode.cpp.h; path = mesh_renderer.hpp; sourceTree = "<group>"; };
		D236BBBB28A6A5FF00AC4F09 /* basic_mesh.cpp */ = {isa = PBXFileReference; fileEncoding = 4; lastKnownFileType = sourcecode.cpp.cpp; path = basic_mesh.cpp; sourceTree = "<group>"; };
		D236BBBC28A6A5FF00AC4F09 /* subtexture.cpp */ = {isa = PBXFileReference; fileEncoding = 4; lastKnownFileType = sourcecode.cpp.cpp; path = subtexture.cpp; sourceTree = "<group>"; };
		D236BBBD28A6A5FF00AC4F09 /* basic_vertex.h */ = {isa = PBXFileReference; fileEncoding = 4; lastKnownFileType = sourcecode.c.h; path = basic_vertex.h; sourceTree = "<group>"; };
		D236BBBE28A6A5FF00AC4F09 /* global.cpp */ = {isa = PBXFileReference; fileEncoding = 4; lastKnownFileType = sourcecode.cpp.cpp; path = global.cpp; sourceTree = "<group>"; };
		D236BBC028A6A5FF00AC4F09 /* director.cpp */ = {isa = PBXFileReference; fileEncoding = 4; lastKnownFileType = sourcecode.cpp.cpp; path = director.cpp; sourceTree = "<group>"; };
		D236BBC128A6A5FF00AC4F09 /* scene.cpp */ = {isa = PBXFileReference; fileEncoding = 4; lastKnownFileType = sourcecode.cpp.cpp; path = scene.cpp; sourceTree = "<group>"; };
		D236BBC228A6A5FF00AC4F09 /* director.hpp */ = {isa = PBXFileReference; fileEncoding = 4; lastKnownFileType = sourcecode.cpp.h; path = director.hpp; sourceTree = "<group>"; };
		D236BBC328A6A5FF00AC4F09 /* scene.h */ = {isa = PBXFileReference; fileEncoding = 4; lastKnownFileType = sourcecode.c.h; path = scene.h; sourceTree = "<group>"; };
		D236BBC528A6A5FF00AC4F09 /* tile.hpp */ = {isa = PBXFileReference; fileEncoding = 4; lastKnownFileType = sourcecode.cpp.h; path = tile.hpp; sourceTree = "<group>"; };
		D236BBC628A6A5FF00AC4F09 /* tilemap_helper.cpp */ = {isa = PBXFileReference; fileEncoding = 4; lastKnownFileType = sourcecode.cpp.cpp; path = tilemap_helper.cpp; sourceTree = "<group>"; };
		D236BBC728A6A5FF00AC4F09 /* map_layer.hpp */ = {isa = PBXFileReference; fileEncoding = 4; lastKnownFileType = sourcecode.cpp.h; path = map_layer.hpp; sourceTree = "<group>"; };
		D236BBC828A6A5FF00AC4F09 /* map_layer_combine.cpp */ = {isa = PBXFileReference; fileEncoding = 4; lastKnownFileType = sourcecode.cpp.cpp; path = map_layer_combine.cpp; sourceTree = "<group>"; };
		D236BBC928A6A5FF00AC4F09 /* map_layer_combine.hpp */ = {isa = PBXFileReference; fileEncoding = 4; lastKnownFileType = sourcecode.cpp.h; path = map_layer_combine.hpp; sourceTree = "<group>"; };
		D236BBCA28A6A5FF00AC4F09 /* tile.cpp */ = {isa = PBXFileReference; fileEncoding = 4; lastKnownFileType = sourcecode.cpp.cpp; path = tile.cpp; sourceTree = "<group>"; };
		D236BBCB28A6A5FF00AC4F09 /* tilemap_helper.hpp */ = {isa = PBXFileReference; fileEncoding = 4; lastKnownFileType = sourcecode.cpp.h; path = tilemap_helper.hpp; sourceTree = "<group>"; };
		D236BBCC28A6A5FF00AC4F09 /* map_layer.cpp */ = {isa = PBXFileReference; fileEncoding = 4; lastKnownFileType = sourcecode.cpp.cpp; path = map_layer.cpp; sourceTree = "<group>"; };
		D236BBCE28A6A5FF00AC4F09 /* cube.obj */ = {isa = PBXFileReference; fileEncoding = 4; lastKnownFileType = text; path = cube.obj; sourceTree = "<group>"; };
		D236BBCF28A6A5FF00AC4F09 /* cube_ogl.obj */ = {isa = PBXFileReference; fileEncoding = 4; lastKnownFileType = text; path = cube_ogl.obj; sourceTree = "<group>"; };
		D236BBD028A6A5FF00AC4F09 /* game_wrapper.mm */ = {isa = PBXFileReference; fileEncoding = 4; lastKnownFileType = sourcecode.cpp.objcpp; path = game_wrapper.mm; sourceTree = "<group>"; };
		D236BBD228A6A5FF00AC4F09 /* stb_image.h */ = {isa = PBXFileReference; fileEncoding = 4; lastKnownFileType = sourcecode.c.h; path = stb_image.h; sourceTree = "<group>"; };
		D236BBD328A6A5FF00AC4F09 /* stb_image.cpp */ = {isa = PBXFileReference; fileEncoding = 4; lastKnownFileType = sourcecode.cpp.cpp; path = stb_image.cpp; sourceTree = "<group>"; };
		D236BBD528A6A5FF00AC4F09 /* metal.png */ = {isa = PBXFileReference; lastKnownFileType = image.png; path = metal.png; sourceTree = "<group>"; };
		D236BBD628A6A5FF00AC4F09 /* PISGB0.png */ = {isa = PBXFileReference; lastKnownFileType = image.png; path = PISGB0.png; sourceTree = "<group>"; };
		D236BBD728A6A5FF00AC4F09 /* textureMask.png */ = {isa = PBXFileReference; lastKnownFileType = image.png; path = textureMask.png; sourceTree = "<group>"; };
		D236BBD828A6A5FF00AC4F09 /* arrow.png */ = {isa = PBXFileReference; lastKnownFileType = image.png; path = arrow.png; sourceTree = "<group>"; };
		D236BBD928A6A5FF00AC4F09 /* background.jpg */ = {isa = PBXFileReference; lastKnownFileType = image.jpeg; path = background.jpg; sourceTree = "<group>"; };
		D236BBDA28A6A5FF00AC4F09 /* levelTest.png */ = {isa = PBXFileReference; lastKnownFileType = image.png; path = levelTest.png; sourceTree = "<group>"; };
		D236BBDB28A6A5FF00AC4F09 /* awesomeface.png */ = {isa = PBXFileReference; lastKnownFileType = image.png; path = awesomeface.png; sourceTree = "<group>"; };
		D236BBDC28A6A5FF00AC4F09 /* WolfCollection.png */ = {isa = PBXFileReference; lastKnownFileType = image.png; path = WolfCollection.png; sourceTree = "<group>"; };
		D236BBDD28A6A5FF00AC4F09 /* marble.jpg */ = {isa = PBXFileReference; lastKnownFileType = image.jpeg; path = marble.jpg; sourceTree = "<group>"; };
		D236BBDE28A6A5FF00AC4F09 /* particle.png */ = {isa = PBXFileReference; lastKnownFileType = image.png; path = particle.png; sourceTree = "<group>"; };
/* End PBXFileReference section */

/* Begin PBXFrameworksBuildPhase section */
		D236BA3D28A69A9D00AC4F09 /* Frameworks */ = {
			isa = PBXFrameworksBuildPhase;
			buildActionMask = 2147483647;
			files = (
				D236BC4228A6A5FF00AC4F09 /* libfreetype.a in Frameworks */,
			);
			runOnlyForDeploymentPostprocessing = 0;
		};
/* End PBXFrameworksBuildPhase section */

/* Begin PBXGroup section */
		D236BA3728A69A9D00AC4F09 = {
			isa = PBXGroup;
			children = (
				D236BA4228A69A9D00AC4F09 /* Wolfenstein3dEx */,
				D236BA4128A69A9D00AC4F09 /* Products */,
			);
			sourceTree = "<group>";
		};
		D236BA4128A69A9D00AC4F09 /* Products */ = {
			isa = PBXGroup;
			children = (
				D236BA4028A69A9D00AC4F09 /* Wolfenstein3dEx.app */,
			);
			name = Products;
			sourceTree = "<group>";
		};
		D236BA4228A69A9D00AC4F09 /* Wolfenstein3dEx */ = {
			isa = PBXGroup;
			children = (
				D236BB0528A6A5FE00AC4F09 /* CocosDenshion */,
				D236BB3128A6A5FE00AC4F09 /* external */,
				D236BA5F28A6A5FD00AC4F09 /* fonts */,
				D236BAED28A6A5FE00AC4F09 /* game */,
				D236BB6B28A6A5FE00AC4F09 /* glfm */,
				D236BADD28A6A5FE00AC4F09 /* imgui */,
				D236BB7428A6A5FE00AC4F09 /* LibEx */,
				D236BAFC28A6A5FE00AC4F09 /* libtmx */,
				D236BBCD28A6A5FF00AC4F09 /* obj */,
				D236BB1428A6A5FE00AC4F09 /* shaders */,
				D236BBD128A6A5FF00AC4F09 /* stb */,
				D236BBD428A6A5FF00AC4F09 /* textures */,
				D236BADC28A6A5FE00AC4F09 /* tmx_loader.cpp */,
				D236BAEC28A6A5FE00AC4F09 /* tmx_loader.hpp */,
				D236BB7328A6A5FE00AC4F09 /* game_wrapper.h */,
				D236BBD028A6A5FF00AC4F09 /* game_wrapper.mm */,
				D236BAC728A6A5FE00AC4F09 /* simple-xml.h */,
				D236BAC828A6A5FE00AC4F09 /* tmxlite */,
				D236BA5328A69A9F00AC4F09 /* Assets.xcassets */,
				D236BA5528A69A9F00AC4F09 /* Info.plist */,
				D236BA5628A69A9F00AC4F09 /* main.m */,
			);
			path = Wolfenstein3dEx;
			sourceTree = "<group>";
		};
		D236BA5F28A6A5FD00AC4F09 /* fonts */ = {
			isa = PBXGroup;
			children = (
				D236BA6028A6A5FD00AC4F09 /* default.ttf */,
			);
			path = fonts;
			sourceTree = "<group>";
		};
		D236BAC828A6A5FE00AC4F09 /* tmxlite */ = {
			isa = PBXGroup;
			children = (
				D236BAC928A6A5FE00AC4F09 /* include */,
			);
			path = tmxlite;
			sourceTree = "<group>";
		};
		D236BAC928A6A5FE00AC4F09 /* include */ = {
			isa = PBXGroup;
			children = (
				D236BACA28A6A5FE00AC4F09 /* tmxlite */,
			);
			path = include;
			sourceTree = "<group>";
		};
		D236BACA28A6A5FE00AC4F09 /* tmxlite */ = {
			isa = PBXGroup;
			children = (
				D236BACB28A6A5FE00AC4F09 /* ObjectTypes.hpp */,
				D236BACC28A6A5FE00AC4F09 /* TileLayer.hpp */,
				D236BACD28A6A5FE00AC4F09 /* Map.hpp */,
				D236BACE28A6A5FE00AC4F09 /* Config.hpp */,
				D236BACF28A6A5FE00AC4F09 /* ImageLayer.hpp */,
				D236BAD028A6A5FE00AC4F09 /* Property.hpp */,
				D236BAD128A6A5FE00AC4F09 /* Object.hpp */,
				D236BAD228A6A5FE00AC4F09 /* Layer.hpp */,
				D236BAD328A6A5FE00AC4F09 /* detail */,
				D236BAD628A6A5FE00AC4F09 /* ObjectGroup.hpp */,
				D236BAD728A6A5FE00AC4F09 /* Types.inl */,
				D236BAD828A6A5FE00AC4F09 /* FreeFuncs.hpp */,
				D236BAD928A6A5FE00AC4F09 /* LayerGroup.hpp */,
				D236BADA28A6A5FE00AC4F09 /* Tileset.hpp */,
				D236BADB28A6A5FE00AC4F09 /* Types.hpp */,
			);
			path = tmxlite;
			sourceTree = "<group>";
		};
		D236BAD328A6A5FE00AC4F09 /* detail */ = {
			isa = PBXGroup;
			children = (
				D236BAD428A6A5FE00AC4F09 /* Android.hpp */,
				D236BAD528A6A5FE00AC4F09 /* Log.hpp */,
			);
			path = detail;
			sourceTree = "<group>";
		};
		D236BADD28A6A5FE00AC4F09 /* imgui */ = {
			isa = PBXGroup;
			children = (
				D236BADE28A6A5FE00AC4F09 /* imgui.h */,
				D236BADF28A6A5FE00AC4F09 /* imstb_textedit.h */,
				D236BAE028A6A5FE00AC4F09 /* imconfig.h */,
				D236BAE128A6A5FE00AC4F09 /* imgui_widgets.cpp */,
				D236BAE228A6A5FE00AC4F09 /* imstb_truetype.h */,
				D236BAE328A6A5FE00AC4F09 /* imgui_impl_opengl3.h */,
				D236BAE428A6A5FE00AC4F09 /* imgui_impl_opengl3_loader.h */,
				D236BAE528A6A5FE00AC4F09 /* imgui.cpp */,
				D236BAE628A6A5FE00AC4F09 /* imgui_internal.h */,
				D236BAE728A6A5FE00AC4F09 /* imgui_impl_opengl3.cpp */,
				D236BAE828A6A5FE00AC4F09 /* imstb_rectpack.h */,
				D236BAE928A6A5FE00AC4F09 /* imgui_tables.cpp */,
				D236BAEA28A6A5FE00AC4F09 /* imgui_demo.cpp */,
				D236BAEB28A6A5FE00AC4F09 /* imgui_draw.cpp */,
			);
			path = imgui;
			sourceTree = "<group>";
		};
		D236BAED28A6A5FE00AC4F09 /* game */ = {
			isa = PBXGroup;
			children = (
				D236BAEE28A6A5FE00AC4F09 /* scenes */,
				D236BAF328A6A5FE00AC4F09 /* players */,
				D236BAF828A6A5FE00AC4F09 /* level.cpp */,
				D236BAF928A6A5FE00AC4F09 /* door.cpp */,
				D236BAFA28A6A5FE00AC4F09 /* level.hpp */,
				D236BAFB28A6A5FE00AC4F09 /* door.hpp */,
			);
			path = game;
			sourceTree = "<group>";
		};
		D236BAEE28A6A5FE00AC4F09 /* scenes */ = {
			isa = PBXGroup;
			children = (
				D236BAEF28A6A5FE00AC4F09 /* game_platformer.cpp */,
				D236BAF028A6A5FE00AC4F09 /* game_wolfenstein3d.cpp */,
				D236BAF128A6A5FE00AC4F09 /* game_wolfenstein3d.hpp */,
				D236BAF228A6A5FE00AC4F09 /* game_platformer.hpp */,
			);
			path = scenes;
			sourceTree = "<group>";
		};
		D236BAF328A6A5FE00AC4F09 /* players */ = {
			isa = PBXGroup;
			children = (
				D236BAF428A6A5FE00AC4F09 /* player.cpp */,
				D236BAF528A6A5FE00AC4F09 /* wolf_player.hpp */,
				D236BAF628A6A5FE00AC4F09 /* player.hpp */,
				D236BAF728A6A5FE00AC4F09 /* wolf_player.cpp */,
			);
			path = players;
			sourceTree = "<group>";
		};
		D236BAFC28A6A5FE00AC4F09 /* libtmx */ = {
			isa = PBXGroup;
			children = (
				D236BAFD28A6A5FE00AC4F09 /* tmx_hash.c */,
				D236BAFE28A6A5FE00AC4F09 /* tmx.c */,
				D236BAFF28A6A5FE00AC4F09 /* tmx_utils.c */,
				D236BB0028A6A5FE00AC4F09 /* tmx_err.c */,
				D236BB0128A6A5FE00AC4F09 /* tmx_mem.c */,
				D236BB0228A6A5FE00AC4F09 /* tmx.h */,
				D236BB0328A6A5FE00AC4F09 /* tmx_utils.h */,
				D236BB0428A6A5FE00AC4F09 /* tmx_xml.c */,
			);
			path = libtmx;
			sourceTree = "<group>";
		};
		D236BB0528A6A5FE00AC4F09 /* CocosDenshion */ = {
			isa = PBXGroup;
			children = (
				D236BB0628A6A5FE00AC4F09 /* include */,
				D236BB0928A6A5FE00AC4F09 /* ios */,
			);
			path = CocosDenshion;
			sourceTree = "<group>";
		};
		D236BB0628A6A5FE00AC4F09 /* include */ = {
			isa = PBXGroup;
			children = (
				D236BB0728A6A5FE00AC4F09 /* Export.h */,
				D236BB0828A6A5FE00AC4F09 /* SimpleAudioEngine.h */,
			);
			path = include;
			sourceTree = "<group>";
		};
		D236BB0928A6A5FE00AC4F09 /* ios */ = {
			isa = PBXGroup;
			children = (
				D236BB0A28A6A5FE00AC4F09 /* CDConfig.h */,
				D236BB0B28A6A5FE00AC4F09 /* CDOpenALSupport.m */,
				D236BB0C28A6A5FE00AC4F09 /* CDAudioManager.m */,
				D236BB0D28A6A5FE00AC4F09 /* SimpleAudioEngine_objc.h */,
				D236BB0E28A6A5FE00AC4F09 /* CocosDenshion.m */,
				D236BB0F28A6A5FE00AC4F09 /* CDOpenALSupport.h */,
				D236BB1028A6A5FE00AC4F09 /* CDAudioManager.h */,
				D236BB1128A6A5FE00AC4F09 /* CocosDenshion.h */,
				D236BB1228A6A5FE00AC4F09 /* SimpleAudioEngine_objc.m */,
				D236BB1328A6A5FE00AC4F09 /* SimpleAudioEngine.mm */,
			);
			path = ios;
			sourceTree = "<group>";
		};
		D236BB1428A6A5FE00AC4F09 /* shaders */ = {
			isa = PBXGroup;
			children = (
				D236BB1528A6A5FE00AC4F09 /* post_processing.fs */,
				D236BB1628A6A5FE00AC4F09 /* mulight.vs */,
				D236BB1728A6A5FE00AC4F09 /* b2lines.vs */,
				D236BB1828A6A5FE00AC4F09 /* text_2d.vs */,
				D236BB1928A6A5FE00AC4F09 /* b2points.fs */,
				D236BB1A28A6A5FE00AC4F09 /* simple.frag */,
				D236BB1B28A6A5FE00AC4F09 /* color.vs */,
				D236BB1C28A6A5FE00AC4F09 /* tilebatch.vs */,
				D236BB1D28A6A5FE00AC4F09 /* sprite.fs */,
				D236BB1E28A6A5FE00AC4F09 /* ui.vs */,
				D236BB1F28A6A5FE00AC4F09 /* depth.fs */,
				D236BB2028A6A5FE00AC4F09 /* mesh.vs */,
				D236BB2128A6A5FE00AC4F09 /* cube.fs */,
				D236BB2228A6A5FE00AC4F09 /* particle.fs */,
				D236BB2328A6A5FE00AC4F09 /* ui.fs */,
				D236BB2428A6A5FE00AC4F09 /* simple.vert */,
				D236BB2528A6A5FE00AC4F09 /* sprite.vs */,
				D236BB2628A6A5FE00AC4F09 /* depth.vs */,
				D236BB2728A6A5FE00AC4F09 /* mesh.fs */,
				D236BB2828A6A5FE00AC4F09 /* cube.vs */,
				D236BB2928A6A5FE00AC4F09 /* particle.vs */,
				D236BB2A28A6A5FE00AC4F09 /* b2lines.fs */,
				D236BB2B28A6A5FE00AC4F09 /* mulight.fs */,
				D236BB2C28A6A5FE00AC4F09 /* post_processing.vs */,
				D236BB2D28A6A5FE00AC4F09 /* color.fs */,
				D236BB2E28A6A5FE00AC4F09 /* tilebatch.fs */,
				D236BB2F28A6A5FE00AC4F09 /* b2points.vs */,
				D236BB3028A6A5FE00AC4F09 /* text_2d.fs */,
			);
			path = shaders;
			sourceTree = "<group>";
		};
		D236BB3128A6A5FE00AC4F09 /* external */ = {
			isa = PBXGroup;
			children = (
				D236BB6828A6A5FE00AC4F09 /* prebuild */,
			);
			path = external;
			sourceTree = "<group>";
		};
		D236BB6828A6A5FE00AC4F09 /* prebuild */ = {
			isa = PBXGroup;
			children = (
				D236BB6928A6A5FE00AC4F09 /* freetype2 */,
			);
			path = prebuild;
			sourceTree = "<group>";
		};
		D236BB6928A6A5FE00AC4F09 /* freetype2 */ = {
			isa = PBXGroup;
			children = (
				D236BB6A28A6A5FE00AC4F09 /* libfreetype.a */,
			);
			path = freetype2;
			sourceTree = "<group>";
		};
		D236BB6B28A6A5FE00AC4F09 /* glfm */ = {
			isa = PBXGroup;
			children = (
				D236BB6C28A6A5FE00AC4F09 /* include */,
				D236BB6E28A6A5FE00AC4F09 /* src */,
			);
			path = glfm;
			sourceTree = "<group>";
		};
		D236BB6C28A6A5FE00AC4F09 /* include */ = {
			isa = PBXGroup;
			children = (
				D236BB6D28A6A5FE00AC4F09 /* glfm.h */,
			);
			path = include;
			sourceTree = "<group>";
		};
		D236BB6E28A6A5FE00AC4F09 /* src */ = {
			isa = PBXGroup;
			children = (
				D236BB6F28A6A5FE00AC4F09 /* glfm_platform_emscripten.c */,
				D236BB7028A6A5FE00AC4F09 /* glfm_platform_android.c */,
				D236BB7128A6A5FE00AC4F09 /* glfm_platform.h */,
				D236BB7228A6A5FE00AC4F09 /* glfm_platform_ios.m */,
			);
			path = src;
			sourceTree = "<group>";
		};
		D236BB7428A6A5FE00AC4F09 /* LibEx */ = {
			isa = PBXGroup;
			children = (
				D236BB7528A6A5FE00AC4F09 /* global.hpp */,
				D236BB7628A6A5FE00AC4F09 /* core */,
				D236BB8328A6A5FE00AC4F09 /* libex.h */,
				D236BB8428A6A5FE00AC4F09 /* touch */,
				D236BB8E28A6A5FE00AC4F09 /* animation */,
				D236BB9528A6A5FE00AC4F09 /* utils */,
				D236BBA328A6A5FF00AC4F09 /* rendering */,
				D236BBBE28A6A5FF00AC4F09 /* global.cpp */,
				D236BBBF28A6A5FF00AC4F09 /* scene */,
				D236BBC428A6A5FF00AC4F09 /* tilemap */,
			);
			path = LibEx;
			sourceTree = "<group>";
		};
		D236BB7628A6A5FE00AC4F09 /* core */ = {
			isa = PBXGroup;
			children = (
				D236BB7728A6A5FE00AC4F09 /* model_object.hpp */,
				D236BB7828A6A5FE00AC4F09 /* shader.h */,
				D236BB7928A6A5FE00AC4F09 /* mesh_object.hpp */,
				D236BB7A28A6A5FE00AC4F09 /* camera.h */,
				D236BB7B28A6A5FE00AC4F09 /* object.cpp */,
				D236BB7C28A6A5FE00AC4F09 /* sprite_object.hpp */,
				D236BB7D28A6A5FE00AC4F09 /* game_object.hpp */,
				D236BB7E28A6A5FE00AC4F09 /* mesh_object.cpp */,
				D236BB7F28A6A5FE00AC4F09 /* object.hpp */,
				D236BB8028A6A5FE00AC4F09 /* game_object.cpp */,
				D236BB8128A6A5FE00AC4F09 /* sprite_object.cpp */,
				D236BB8228A6A5FE00AC4F09 /* model_object.cpp */,
			);
			path = core;
			sourceTree = "<group>";
		};
		D236BB8428A6A5FE00AC4F09 /* touch */ = {
			isa = PBXGroup;
			children = (
				D236BB8528A6A5FE00AC4F09 /* touch_area.hpp */,
				D236BB8628A6A5FE00AC4F09 /* button.cpp */,
				D236BB8728A6A5FE00AC4F09 /* touch_dispatcher.cpp */,
				D236BB8828A6A5FE00AC4F09 /* touch_handler.cpp */,
				D236BB8928A6A5FE00AC4F09 /* touch_dispatcher.hpp */,
				D236BB8A28A6A5FE00AC4F09 /* touch_handler.hpp */,
				D236BB8B28A6A5FE00AC4F09 /* touch_area.cpp */,
				D236BB8C28A6A5FE00AC4F09 /* button.hpp */,
				D236BB8D28A6A5FE00AC4F09 /* touch_delegate_protocol.h */,
			);
			path = touch;
			sourceTree = "<group>";
		};
		D236BB8E28A6A5FE00AC4F09 /* animation */ = {
			isa = PBXGroup;
			children = (
				D236BB8F28A6A5FE00AC4F09 /* sprites_animation.cpp */,
				D236BB9028A6A5FE00AC4F09 /* spritesheets_animation.cpp */,
				D236BB9128A6A5FE00AC4F09 /* animation.hpp */,
				D236BB9228A6A5FE00AC4F09 /* animation.cpp */,
				D236BB9328A6A5FE00AC4F09 /* spritesheets_animation.hpp */,
				D236BB9428A6A5FE00AC4F09 /* sprites_animation.hpp */,
			);
			path = animation;
			sourceTree = "<group>";
		};
		D236BB9528A6A5FE00AC4F09 /* utils */ = {
			isa = PBXGroup;
			children = (
				D236BB9628A6A5FE00AC4F09 /* resource_manager.hpp */,
				D236BB9728A6A5FE00AC4F09 /* utils.h */,
				D236BB9828A6A5FF00AC4F09 /* debugdrawex.cpp */,
				D236BB9928A6A5FF00AC4F09 /* utils.cpp */,
				D236BB9B28A6A5FF00AC4F09 /* glad.h */,
				D236BB9C28A6A5FF00AC4F09 /* objloader.cpp */,
				D236BB9D28A6A5FF00AC4F09 /* color.h */,
				D236BB9E28A6A5FF00AC4F09 /* file_compat.h */,
				D236BB9F28A6A5FF00AC4F09 /* resource_manager.cpp */,
				D236BBA028A6A5FF00AC4F09 /* debugdrawex.hpp */,
				D236BBA228A6A5FF00AC4F09 /* objloader.hpp */,
			);
			path = utils;
			sourceTree = "<group>";
		};
		D236BBA328A6A5FF00AC4F09 /* rendering */ = {
			isa = PBXGroup;
			children = (
				D236BBA428A6A5FF00AC4F09 /* sprite_renderer.cpp */,
				D236BBA528A6A5FF00AC4F09 /* vertex.h */,
				D236BBA628A6A5FF00AC4F09 /* particle_generator.hpp */,
				D236BBA728A6A5FF00AC4F09 /* text_renderer.hpp */,
				D236BBA828A6A5FF00AC4F09 /* mesh.cpp */,
				D236BBA928A6A5FF00AC4F09 /* mesh_renderer.cpp */,
				D236BBAA28A6A5FF00AC4F09 /* basic_mesh.hpp */,
				D236BBAB28A6A5FF00AC4F09 /* subtexture.hpp */,
				D236BBAC28A6A5FF00AC4F09 /* post_processor.cpp */,
				D236BBAD28A6A5FF00AC4F09 /* color_renderer.cpp */,
				D236BBAE28A6A5FF00AC4F09 /* model_cache.hpp */,
				D236BBAF28A6A5FF00AC4F09 /* texture.cpp */,
				D236BBB028A6A5FF00AC4F09 /* model.hpp */,
				D236BBB128A6A5FF00AC4F09 /* post_processor.hpp */,
				D236BBB228A6A5FF00AC4F09 /* color_renderer.hpp */,
				D236BBB328A6A5FF00AC4F09 /* model_cache.cpp */,
				D236BBB428A6A5FF00AC4F09 /* texture.hpp */,
				D236BBB528A6A5FF00AC4F09 /* model.cpp */,
				D236BBB628A6A5FF00AC4F09 /* sprite_renderer.hpp */,
				D236BBB728A6A5FF00AC4F09 /* particle_generator.cpp */,
				D236BBB828A6A5FF00AC4F09 /* text_renderer.cpp */,
				D236BBB928A6A5FF00AC4F09 /* mesh.hpp */,
				D236BBBA28A6A5FF00AC4F09 /* mesh_renderer.hpp */,
				D236BBBB28A6A5FF00AC4F09 /* basic_mesh.cpp */,
				D236BBBC28A6A5FF00AC4F09 /* subtexture.cpp */,
				D236BBBD28A6A5FF00AC4F09 /* basic_vertex.h */,
			);
			path = rendering;
			sourceTree = "<group>";
		};
		D236BBBF28A6A5FF00AC4F09 /* scene */ = {
			isa = PBXGroup;
			children = (
				D236BBC028A6A5FF00AC4F09 /* director.cpp */,
				D236BBC128A6A5FF00AC4F09 /* scene.cpp */,
				D236BBC228A6A5FF00AC4F09 /* director.hpp */,
				D236BBC328A6A5FF00AC4F09 /* scene.h */,
			);
			path = scene;
			sourceTree = "<group>";
		};
		D236BBC428A6A5FF00AC4F09 /* tilemap */ = {
			isa = PBXGroup;
			children = (
				D236BBC528A6A5FF00AC4F09 /* tile.hpp */,
				D236BBC628A6A5FF00AC4F09 /* tilemap_helper.cpp */,
				D236BBC728A6A5FF00AC4F09 /* map_layer.hpp */,
				D236BBC828A6A5FF00AC4F09 /* map_layer_combine.cpp */,
				D236BBC928A6A5FF00AC4F09 /* map_layer_combine.hpp */,
				D236BBCA28A6A5FF00AC4F09 /* tile.cpp */,
				D236BBCB28A6A5FF00AC4F09 /* tilemap_helper.hpp */,
				D236BBCC28A6A5FF00AC4F09 /* map_layer.cpp */,
			);
			path = tilemap;
			sourceTree = "<group>";
		};
		D236BBCD28A6A5FF00AC4F09 /* obj */ = {
			isa = PBXGroup;
			children = (
				D236BBCE28A6A5FF00AC4F09 /* cube.obj */,
				D236BBCF28A6A5FF00AC4F09 /* cube_ogl.obj */,
			);
			path = obj;
			sourceTree = "<group>";
		};
		D236BBD128A6A5FF00AC4F09 /* stb */ = {
			isa = PBXGroup;
			children = (
				D236BBD228A6A5FF00AC4F09 /* stb_image.h */,
				D236BBD328A6A5FF00AC4F09 /* stb_image.cpp */,
			);
			path = stb;
			sourceTree = "<group>";
		};
		D236BBD428A6A5FF00AC4F09 /* textures */ = {
			isa = PBXGroup;
			children = (
				D236BBD528A6A5FF00AC4F09 /* metal.png */,
				D236BBD628A6A5FF00AC4F09 /* PISGB0.png */,
				D236BBD728A6A5FF00AC4F09 /* textureMask.png */,
				D236BBD828A6A5FF00AC4F09 /* arrow.png */,
				D236BBD928A6A5FF00AC4F09 /* background.jpg */,
				D236BBDA28A6A5FF00AC4F09 /* levelTest.png */,
				D236BBDB28A6A5FF00AC4F09 /* awesomeface.png */,
				D236BBDC28A6A5FF00AC4F09 /* WolfCollection.png */,
				D236BBDD28A6A5FF00AC4F09 /* marble.jpg */,
				D236BBDE28A6A5FF00AC4F09 /* particle.png */,
			);
			path = textures;
			sourceTree = "<group>";
		};
/* End PBXGroup section */

/* Begin PBXNativeTarget section */
		D236BA3F28A69A9D00AC4F09 /* Wolfenstein3dEx */ = {
			isa = PBXNativeTarget;
			buildConfigurationList = D236BA5A28A69AA000AC4F09 /* Build configuration list for PBXNativeTarget "Wolfenstein3dEx" */;
			buildPhases = (
				D236BA3C28A69A9D00AC4F09 /* Sources */,
				D236BA3D28A69A9D00AC4F09 /* Frameworks */,
				D236BA3E28A69A9D00AC4F09 /* Resources */,
			);
			buildRules = (
			);
			dependencies = (
			);
			name = Wolfenstein3dEx;
			productName = Wolfenstein3dEx;
			productReference = D236BA4028A69A9D00AC4F09 /* Wolfenstein3dEx.app */;
			productType = "com.apple.product-type.application";
		};
/* End PBXNativeTarget section */

/* Begin PBXProject section */
		D236BA3828A69A9D00AC4F09 /* Project object */ = {
			isa = PBXProject;
			attributes = {
				LastUpgradeCheck = 1240;
				TargetAttributes = {
					D236BA3F28A69A9D00AC4F09 = {
						CreatedOnToolsVersion = 12.4;
					};
				};
			};
			buildConfigurationList = D236BA3B28A69A9D00AC4F09 /* Build configuration list for PBXProject "Wolfenstein3dEx" */;
			compatibilityVersion = "Xcode 9.3";
			developmentRegion = en;
			hasScannedForEncodings = 0;
			knownRegions = (
				en,
				Base,
			);
			mainGroup = D236BA3728A69A9D00AC4F09;
			productRefGroup = D236BA4128A69A9D00AC4F09 /* Products */;
			projectDirPath = "";
			projectRoot = "";
			targets = (
				D236BA3F28A69A9D00AC4F09 /* Wolfenstein3dEx */,
			);
		};
/* End PBXProject section */

/* Begin PBXResourcesBuildPhase section */
		D236BA3E28A69A9D00AC4F09 /* Resources */ = {
			isa = PBXResourcesBuildPhase;
			buildActionMask = 2147483647;
			files = (
				D236BC3128A6A5FF00AC4F09 /* mesh.vs in Resources */,
				D236BC3C28A6A5FF00AC4F09 /* mulight.fs in Resources */,
				D236BC3528A6A5FF00AC4F09 /* simple.vert in Resources */,
				D236BC0D28A6A5FF00AC4F09 /* Types.inl in Resources */,
				D236BBDF28A6A5FF00AC4F09 /* default.ttf in Resources */,
				D236BC2F28A6A5FF00AC4F09 /* ui.vs in Resources */,
				D236BC3E28A6A5FF00AC4F09 /* color.fs in Resources */,
				D236BC2C28A6A5FF00AC4F09 /* color.vs in Resources */,
				D236BC6F28A6A5FF00AC4F09 /* PISGB0.png in Resources */,
				D236BC2D28A6A5FF00AC4F09 /* tilebatch.vs in Resources */,
				D236BC2928A6A5FF00AC4F09 /* text_2d.vs in Resources */,
				D236BC3F28A6A5FF00AC4F09 /* tilebatch.fs in Resources */,
				D236BC3028A6A5FF00AC4F09 /* depth.fs in Resources */,
				D236BC2A28A6A5FF00AC4F09 /* b2points.fs in Resources */,
				D236BC3D28A6A5FF00AC4F09 /* post_processing.vs in Resources */,
				D236BC7028A6A5FF00AC4F09 /* textureMask.png in Resources */,
				D236BA5428A69A9F00AC4F09 /* Assets.xcassets in Resources */,
				D236BC7228A6A5FF00AC4F09 /* background.jpg in Resources */,
				D236BC7628A6A5FF00AC4F09 /* marble.jpg in Resources */,
				D236BC7428A6A5FF00AC4F09 /* awesomeface.png in Resources */,
				D236BC3828A6A5FF00AC4F09 /* mesh.fs in Resources */,
				D236BC6A28A6A5FF00AC4F09 /* cube.obj in Resources */,
				D236BC2E28A6A5FF00AC4F09 /* sprite.fs in Resources */,
				D236BC6B28A6A5FF00AC4F09 /* cube_ogl.obj in Resources */,
				D236BC7728A6A5FF00AC4F09 /* particle.png in Resources */,
				D236BC3328A6A5FF00AC4F09 /* particle.fs in Resources */,
				D236BC3A28A6A5FF00AC4F09 /* particle.vs in Resources */,
				D236BC3428A6A5FF00AC4F09 /* ui.fs in Resources */,
				D236BC3728A6A5FF00AC4F09 /* depth.vs in Resources */,
				D236BC4028A6A5FF00AC4F09 /* b2points.vs in Resources */,
				D236BC2B28A6A5FF00AC4F09 /* simple.frag in Resources */,
				D236BC3928A6A5FF00AC4F09 /* cube.vs in Resources */,
				D236BC2628A6A5FF00AC4F09 /* post_processing.fs in Resources */,
				D236BC3228A6A5FF00AC4F09 /* cube.fs in Resources */,
				D236BC4128A6A5FF00AC4F09 /* text_2d.fs in Resources */,
				D236BC2828A6A5FF00AC4F09 /* b2lines.vs in Resources */,
				D236BC7528A6A5FF00AC4F09 /* WolfCollection.png in Resources */,
				D236BC7328A6A5FF00AC4F09 /* levelTest.png in Resources */,
				D236BC2728A6A5FF00AC4F09 /* mulight.vs in Resources */,
				D236BC6E28A6A5FF00AC4F09 /* metal.png in Resources */,
				D236BC7128A6A5FF00AC4F09 /* arrow.png in Resources */,
				D236BC3B28A6A5FF00AC4F09 /* b2lines.fs in Resources */,
				D236BC3628A6A5FF00AC4F09 /* sprite.vs in Resources */,
			);
			runOnlyForDeploymentPostprocessing = 0;
		};
/* End PBXResourcesBuildPhase section */

/* Begin PBXSourcesBuildPhase section */
		D236BA3C28A69A9D00AC4F09 /* Sources */ = {
			isa = PBXSourcesBuildPhase;
			buildActionMask = 2147483647;
			files = (
				D236BC5B28A6A5FF00AC4F09 /* color_renderer.cpp in Sources */,
				D236BC1A28A6A5FF00AC4F09 /* door.cpp in Sources */,
				D236BC4528A6A5FF00AC4F09 /* glfm_platform_ios.m in Sources */,
				D236BC4328A6A5FF00AC4F09 /* glfm_platform_emscripten.c in Sources */,
				D236BC1828A6A5FF00AC4F09 /* wolf_player.cpp in Sources */,
				D236BC2428A6A5FF00AC4F09 /* SimpleAudioEngine_objc.m in Sources */,
				D236BC6528A6A5FF00AC4F09 /* scene.cpp in Sources */,
				D236BC6728A6A5FF00AC4F09 /* map_layer_combine.cpp in Sources */,
				D236BC1228A6A5FF00AC4F09 /* imgui_tables.cpp in Sources */,
				D236BC5D28A6A5FF00AC4F09 /* model_cache.cpp in Sources */,
				D236BC4C28A6A5FF00AC4F09 /* touch_dispatcher.cpp in Sources */,
				D236BC4728A6A5FF00AC4F09 /* mesh_object.cpp in Sources */,
				D236BC5528A6A5FF00AC4F09 /* resource_manager.cpp in Sources */,
				D236BC6428A6A5FF00AC4F09 /* director.cpp in Sources */,
				D236BC1F28A6A5FF00AC4F09 /* tmx_mem.c in Sources */,
				D236BC4928A6A5FF00AC4F09 /* sprite_object.cpp in Sources */,
				D236BC6928A6A5FF00AC4F09 /* map_layer.cpp in Sources */,
				D236BC5E28A6A5FF00AC4F09 /* model.cpp in Sources */,
				D236BC5728A6A5FF00AC4F09 /* sprite_renderer.cpp in Sources */,
				D236BC1D28A6A5FF00AC4F09 /* tmx_utils.c in Sources */,
				D236BC5028A6A5FF00AC4F09 /* spritesheets_animation.cpp in Sources */,
				D236BC6628A6A5FF00AC4F09 /* tilemap_helper.cpp in Sources */,
				D236BC1028A6A5FF00AC4F09 /* imgui.cpp in Sources */,
				D236BC5428A6A5FF00AC4F09 /* objloader.cpp in Sources */,
				D236BC0F28A6A5FF00AC4F09 /* imgui_widgets.cpp in Sources */,
				D236BC4F28A6A5FF00AC4F09 /* sprites_animation.cpp in Sources */,
				D236BC5228A6A5FF00AC4F09 /* debugdrawex.cpp in Sources */,
				D236BC5A28A6A5FF00AC4F09 /* post_processor.cpp in Sources */,
				D236BC4828A6A5FF00AC4F09 /* game_object.cpp in Sources */,
				D236BC1B28A6A5FF00AC4F09 /* tmx_hash.c in Sources */,
				D236BC5C28A6A5FF00AC4F09 /* texture.cpp in Sources */,
				D236BC2228A6A5FF00AC4F09 /* CDAudioManager.m in Sources */,
				D236BC4E28A6A5FF00AC4F09 /* touch_area.cpp in Sources */,
				D236BC5928A6A5FF00AC4F09 /* mesh_renderer.cpp in Sources */,
				D236BC2128A6A5FF00AC4F09 /* CDOpenALSupport.m in Sources */,
				D236BC6328A6A5FF00AC4F09 /* global.cpp in Sources */,
				D236BC0E28A6A5FF00AC4F09 /* tmx_loader.cpp in Sources */,
				D236BC4A28A6A5FF00AC4F09 /* model_object.cpp in Sources */,
				D236BC1528A6A5FF00AC4F09 /* game_platformer.cpp in Sources */,
				D236BC1128A6A5FF00AC4F09 /* imgui_impl_opengl3.cpp in Sources */,
				D236BC1928A6A5FF00AC4F09 /* level.cpp in Sources */,
				D236BC5F28A6A5FF00AC4F09 /* particle_generator.cpp in Sources */,
				D236BC5328A6A5FF00AC4F09 /* utils.cpp in Sources */,
				D236BC6D28A6A5FF00AC4F09 /* stb_image.cpp in Sources */,
				D236BC6028A6A5FF00AC4F09 /* text_renderer.cpp in Sources */,
				D236BA5728A69A9F00AC4F09 /* main.m in Sources */,
				D236BC4628A6A5FF00AC4F09 /* object.cpp in Sources */,
				D236BC1428A6A5FF00AC4F09 /* imgui_draw.cpp in Sources */,
				D236BC5128A6A5FF00AC4F09 /* animation.cpp in Sources */,
				D236BC6828A6A5FF00AC4F09 /* tile.cpp in Sources */,
				D236BC1C28A6A5FF00AC4F09 /* tmx.c in Sources */,
				D236BC2328A6A5FF00AC4F09 /* CocosDenshion.m in Sources */,
				D236BC6128A6A5FF00AC4F09 /* basic_mesh.cpp in Sources */,
				D236BC4D28A6A5FF00AC4F09 /* touch_handler.cpp in Sources */,
				D236BC1328A6A5FF00AC4F09 /* imgui_demo.cpp in Sources */,
				D236BC6C28A6A5FF00AC4F09 /* game_wrapper.mm in Sources */,
				D236BC6228A6A5FF00AC4F09 /* subtexture.cpp in Sources */,
				D236BC1628A6A5FF00AC4F09 /* game_wolfenstein3d.cpp in Sources */,
				D236BC4428A6A5FF00AC4F09 /* glfm_platform_android.c in Sources */,
				D236BC4B28A6A5FF00AC4F09 /* button.cpp in Sources */,
				D236BC1728A6A5FF00AC4F09 /* player.cpp in Sources */,
				D236BC2528A6A5FF00AC4F09 /* SimpleAudioEngine.mm in Sources */,
				D236BC1E28A6A5FF00AC4F09 /* tmx_err.c in Sources */,
				D236BC5828A6A5FF00AC4F09 /* mesh.cpp in Sources */,
				D236BC2028A6A5FF00AC4F09 /* tmx_xml.c in Sources */,
			);
			runOnlyForDeploymentPostprocessing = 0;
		};
/* End PBXSourcesBuildPhase section */

/* Begin XCBuildConfiguration section */
		D236BA5828A69AA000AC4F09 /* Debug */ = {
			isa = XCBuildConfiguration;
			buildSettings = {
				ALWAYS_SEARCH_USER_PATHS = NO;
				CLANG_ANALYZER_NONNULL = YES;
				CLANG_ANALYZER_NUMBER_OBJECT_CONVERSION = YES_AGGRESSIVE;
				CLANG_CXX_LANGUAGE_STANDARD = "gnu++14";
				CLANG_CXX_LIBRARY = "libc++";
				CLANG_ENABLE_MODULES = YES;
				CLANG_ENABLE_OBJC_ARC = YES;
				CLANG_ENABLE_OBJC_WEAK = YES;
				CLANG_WARN_BLOCK_CAPTURE_AUTORELEASING = YES;
				CLANG_WARN_BOOL_CONVERSION = YES;
				CLANG_WARN_COMMA = YES;
				CLANG_WARN_CONSTANT_CONVERSION = YES;
				CLANG_WARN_DEPRECATED_OBJC_IMPLEMENTATIONS = YES;
				CLANG_WARN_DIRECT_OBJC_ISA_USAGE = YES_ERROR;
				CLANG_WARN_DOCUMENTATION_COMMENTS = YES;
				CLANG_WARN_EMPTY_BODY = YES;
				CLANG_WARN_ENUM_CONVERSION = YES;
				CLANG_WARN_INFINITE_RECURSION = YES;
				CLANG_WARN_INT_CONVERSION = YES;
				CLANG_WARN_NON_LITERAL_NULL_CONVERSION = YES;
				CLANG_WARN_OBJC_IMPLICIT_RETAIN_SELF = YES;
				CLANG_WARN_OBJC_LITERAL_CONVERSION = YES;
				CLANG_WARN_OBJC_ROOT_CLASS = YES_ERROR;
				CLANG_WARN_QUOTED_INCLUDE_IN_FRAMEWORK_HEADER = YES;
				CLANG_WARN_RANGE_LOOP_ANALYSIS = YES;
				CLANG_WARN_STRICT_PROTOTYPES = YES;
				CLANG_WARN_SUSPICIOUS_MOVE = YES;
				CLANG_WARN_UNGUARDED_AVAILABILITY = YES_AGGRESSIVE;
				CLANG_WARN_UNREACHABLE_CODE = YES;
				CLANG_WARN__DUPLICATE_METHOD_MATCH = YES;
				COPY_PHASE_STRIP = NO;
				DEBUG_INFORMATION_FORMAT = dwarf;
				ENABLE_STRICT_OBJC_MSGSEND = YES;
				ENABLE_TESTABILITY = YES;
				GCC_C_LANGUAGE_STANDARD = gnu11;
				GCC_DYNAMIC_NO_PIC = NO;
				GCC_NO_COMMON_BLOCKS = YES;
				GCC_OPTIMIZATION_LEVEL = 0;
				GCC_PREPROCESSOR_DEFINITIONS = (
					"DEBUG=1",
					"$(inherited)",
				);
				GCC_WARN_64_TO_32_BIT_CONVERSION = YES;
				GCC_WARN_ABOUT_RETURN_TYPE = YES_ERROR;
				GCC_WARN_UNDECLARED_SELECTOR = YES;
				GCC_WARN_UNINITIALIZED_AUTOS = YES_AGGRESSIVE;
				GCC_WARN_UNUSED_FUNCTION = YES;
				GCC_WARN_UNUSED_VARIABLE = YES;
				IPHONEOS_DEPLOYMENT_TARGET = 14.4;
				MTL_ENABLE_DEBUG_INFO = INCLUDE_SOURCE;
				MTL_FAST_MATH = YES;
				ONLY_ACTIVE_ARCH = YES;
				SDKROOT = iphoneos;
			};
			name = Debug;
		};
		D236BA5928A69AA000AC4F09 /* Release */ = {
			isa = XCBuildConfiguration;
			buildSettings = {
				ALWAYS_SEARCH_USER_PATHS = NO;
				CLANG_ANALYZER_NONNULL = YES;
				CLANG_ANALYZER_NUMBER_OBJECT_CONVERSION = YES_AGGRESSIVE;
				CLANG_CXX_LANGUAGE_STANDARD = "gnu++14";
				CLANG_CXX_LIBRARY = "libc++";
				CLANG_ENABLE_MODULES = YES;
				CLANG_ENABLE_OBJC_ARC = YES;
				CLANG_ENABLE_OBJC_WEAK = YES;
				CLANG_WARN_BLOCK_CAPTURE_AUTORELEASING = YES;
				CLANG_WARN_BOOL_CONVERSION = YES;
				CLANG_WARN_COMMA = YES;
				CLANG_WARN_CONSTANT_CONVERSION = YES;
				CLANG_WARN_DEPRECATED_OBJC_IMPLEMENTATIONS = YES;
				CLANG_WARN_DIRECT_OBJC_ISA_USAGE = YES_ERROR;
				CLANG_WARN_DOCUMENTATION_COMMENTS = YES;
				CLANG_WARN_EMPTY_BODY = YES;
				CLANG_WARN_ENUM_CONVERSION = YES;
				CLANG_WARN_INFINITE_RECURSION = YES;
				CLANG_WARN_INT_CONVERSION = YES;
				CLANG_WARN_NON_LITERAL_NULL_CONVERSION = YES;
				CLANG_WARN_OBJC_IMPLICIT_RETAIN_SELF = YES;
				CLANG_WARN_OBJC_LITERAL_CONVERSION = YES;
				CLANG_WARN_OBJC_ROOT_CLASS = YES_ERROR;
				CLANG_WARN_QUOTED_INCLUDE_IN_FRAMEWORK_HEADER = YES;
				CLANG_WARN_RANGE_LOOP_ANALYSIS = YES;
				CLANG_WARN_STRICT_PROTOTYPES = YES;
				CLANG_WARN_SUSPICIOUS_MOVE = YES;
				CLANG_WARN_UNGUARDED_AVAILABILITY = YES_AGGRESSIVE;
				CLANG_WARN_UNREACHABLE_CODE = YES;
				CLANG_WARN__DUPLICATE_METHOD_MATCH = YES;
				COPY_PHASE_STRIP = NO;
				DEBUG_INFORMATION_FORMAT = "dwarf-with-dsym";
				ENABLE_NS_ASSERTIONS = NO;
				ENABLE_STRICT_OBJC_MSGSEND = YES;
				GCC_C_LANGUAGE_STANDARD = gnu11;
				GCC_NO_COMMON_BLOCKS = YES;
				GCC_WARN_64_TO_32_BIT_CONVERSION = YES;
				GCC_WARN_ABOUT_RETURN_TYPE = YES_ERROR;
				GCC_WARN_UNDECLARED_SELECTOR = YES;
				GCC_WARN_UNINITIALIZED_AUTOS = YES_AGGRESSIVE;
				GCC_WARN_UNUSED_FUNCTION = YES;
				GCC_WARN_UNUSED_VARIABLE = YES;
				IPHONEOS_DEPLOYMENT_TARGET = 14.4;
				MTL_ENABLE_DEBUG_INFO = NO;
				MTL_FAST_MATH = YES;
				SDKROOT = iphoneos;
				VALIDATE_PRODUCT = YES;
			};
			name = Release;
		};
		D236BA5B28A69AA000AC4F09 /* Debug */ = {
			isa = XCBuildConfiguration;
			buildSettings = {
				ASSETCATALOG_COMPILER_APPICON_NAME = AppIcon;
				ASSETCATALOG_COMPILER_GLOBAL_ACCENT_COLOR_NAME = AccentColor;
				CLANG_ENABLE_OBJC_ARC = NO;
				CODE_SIGN_STYLE = Automatic;
				ENABLE_BITCODE = NO;
				HEADER_SEARCH_PATHS = (
					/usr/local/Cellar/glm/0.9.9.8/include,
					"$(PROJECT_DIR)/Wolfenstein3dEx/external/include/freetype2",
				);
				INFOPLIST_FILE = Wolfenstein3dEx/Info.plist;
				LD_RUNPATH_SEARCH_PATHS = (
					"$(inherited)",
					"@executable_path/Frameworks",
				);
				LIBRARY_SEARCH_PATHS = (
					"$(inherited)",
					"$(PROJECT_DIR)/Wolfenstein3dEx/external/prebuild/freetype2",
					"$(PROJECT_DIR)/Wolfenstein3dEx/external/prebuild",
				);
				PRODUCT_BUNDLE_IDENTIFIER = com.ccb.Wolfenstein3dEx;
				PRODUCT_NAME = "$(TARGET_NAME)";
				TARGETED_DEVICE_FAMILY = "1,2";
			};
			name = Debug;
		};
		D236BA5C28A69AA000AC4F09 /* Release */ = {
			isa = XCBuildConfiguration;
			buildSettings = {
				ASSETCATALOG_COMPILER_APPICON_NAME = AppIcon;
				ASSETCATALOG_COMPILER_GLOBAL_ACCENT_COLOR_NAME = AccentColor;
				CLANG_ENABLE_OBJC_ARC = NO;
				CODE_SIGN_STYLE = Automatic;
				ENABLE_BITCODE = NO;
				HEADER_SEARCH_PATHS = (
					/usr/local/Cellar/glm/0.9.9.8/include,
					"$(PROJECT_DIR)/Wolfenstein3dEx/external/include/freetype2",
				);
				INFOPLIST_FILE = Wolfenstein3dEx/Info.plist;
				LD_RUNPATH_SEARCH_PATHS = (
					"$(inherited)",
					"@executable_path/Frameworks",
				);
				LIBRARY_SEARCH_PATHS = (
					"$(inherited)",
					"$(PROJECT_DIR)/Wolfenstein3dEx/external/prebuild/freetype2",
					"$(PROJECT_DIR)/Wolfenstein3dEx/external/prebuild",
				);
				PRODUCT_BUNDLE_IDENTIFIER = com.ccb.Wolfenstein3dEx;
				PRODUCT_NAME = "$(TARGET_NAME)";
				TARGETED_DEVICE_FAMILY = "1,2";
			};
			name = Release;
		};
/* End XCBuildConfiguration section */

/* Begin XCConfigurationList section */
		D236BA3B28A69A9D00AC4F09 /* Build configuration list for PBXProject "Wolfenstein3dEx" */ = {
			isa = XCConfigurationList;
			buildConfigurations = (
				D236BA5828A69AA000AC4F09 /* Debug */,
				D236BA5928A69AA000AC4F09 /* Release */,
			);
			defaultConfigurationIsVisible = 0;
			defaultConfigurationName = Release;
		};
		D236BA5A28A69AA000AC4F09 /* Build configuration list for PBXNativeTarget "Wolfenstein3dEx" */ = {
			isa = XCConfigurationList;
			buildConfigurations = (
				D236BA5B28A69AA000AC4F09 /* Debug */,
				D236BA5C28A69AA000AC4F09 /* Release */,
			);
			defaultConfigurationIsVisible = 0;
			defaultConfigurationName = Release;
		};
/* End XCConfigurationList section */
	};
	rootObject = D236BA3828A69A9D00AC4F09 /* Project object */;
}
